// !$*UTF8*$!
{
	archiveVersion = 1;
	classes = {
	};
	objectVersion = 46;
	objects = {

/* Begin PBXBuildFile section */
		0204183E1A296C9300134216 /* MediaPlayer.framework in Frameworks */ = {isa = PBXBuildFile; fileRef = 0204183D1A296C9300134216 /* MediaPlayer.framework */; };
		020418401A296C9B00134216 /* CoreMedia.framework in Frameworks */ = {isa = PBXBuildFile; fileRef = 0204183F1A296C9B00134216 /* CoreMedia.framework */; };
		020418421A296CAF00134216 /* AVFoundation.framework in Frameworks */ = {isa = PBXBuildFile; fileRef = 020418411A296CAF00134216 /* AVFoundation.framework */; };
		020418441A296CB600134216 /* CoreFoundation.framework in Frameworks */ = {isa = PBXBuildFile; fileRef = 020418431A296CB600134216 /* CoreFoundation.framework */; };
		0232A0631A2A8ABD00ABF2FB /* MomentsAPIUtilities.m in Sources */ = {isa = PBXBuildFile; fileRef = 0232A0621A2A8ABD00ABF2FB /* MomentsAPIUtilities.m */; };
		02567A011A2B0478002465CF /* MOFollowingViewController.m in Sources */ = {isa = PBXBuildFile; fileRef = 02567A001A2B0478002465CF /* MOFollowingViewController.m */; };
		02567A0D1A2B1B69002465CF /* MOFollowersViewController.m in Sources */ = {isa = PBXBuildFile; fileRef = 02567A0C1A2B1B69002465CF /* MOFollowersViewController.m */; };
		02949EC91A298431001EDD2D /* libicucore.dylib in Frameworks */ = {isa = PBXBuildFile; fileRef = 02949EC81A298431001EDD2D /* libicucore.dylib */; };
		02949ECB1A29843A001EDD2D /* libc++.dylib in Frameworks */ = {isa = PBXBuildFile; fileRef = 02949ECA1A29843A001EDD2D /* libc++.dylib */; };
		02949ECD1A298441001EDD2D /* CFNetwork.framework in Frameworks */ = {isa = PBXBuildFile; fileRef = 02949ECC1A298441001EDD2D /* CFNetwork.framework */; };
		02949ED11A298458001EDD2D /* SystemConfiguration.framework in Frameworks */ = {isa = PBXBuildFile; fileRef = 02949ED01A298458001EDD2D /* SystemConfiguration.framework */; };
		0296067B1A3518A600FFA9AD /* ALAssetsLibrary+CustomPhotoAlbum.m in Sources */ = {isa = PBXBuildFile; fileRef = 0296067A1A3518A600FFA9AD /* ALAssetsLibrary+CustomPhotoAlbum.m */; };
		02C1E4A31A2E9AAE00F7EC6E /* JCDHTTPConnection.m in Sources */ = {isa = PBXBuildFile; fileRef = 02C1E4A21A2E9AAE00F7EC6E /* JCDHTTPConnection.m */; };
		02C1E4B71A30221C00F7EC6E /* DLILCacheManager.m in Sources */ = {isa = PBXBuildFile; fileRef = 02C1E4AF1A30221C00F7EC6E /* DLILCacheManager.m */; };
		02C1E4B81A30221C00F7EC6E /* DLILOperation.m in Sources */ = {isa = PBXBuildFile; fileRef = 02C1E4B21A30221C00F7EC6E /* DLILOperation.m */; };
		02C1E4B91A30221C00F7EC6E /* DLImageLoader.m in Sources */ = {isa = PBXBuildFile; fileRef = 02C1E4B41A30221C00F7EC6E /* DLImageLoader.m */; };
		02C1E4BA1A30221C00F7EC6E /* DLImageView.m in Sources */ = {isa = PBXBuildFile; fileRef = 02C1E4B61A30221C00F7EC6E /* DLImageView.m */; };
		02C894471A29B89100B87592 /* Security.framework in Frameworks */ = {isa = PBXBuildFile; fileRef = 02949ECE1A298451001EDD2D /* Security.framework */; };
		204BA45D1A4134BF00C1C05E /* EDSpinningBoxScene.m in Sources */ = {isa = PBXBuildFile; fileRef = 204BA45C1A4134BF00C1C05E /* EDSpinningBoxScene.m */; };
		20D6E7D61A43C7DA00B6DF3F /* EDSegmentedControl.m in Sources */ = {isa = PBXBuildFile; fileRef = 20D6E7D51A43C7DA00B6DF3F /* EDSegmentedControl.m */; };
		20D6E7DC1A44D5BA00B6DF3F /* EDSegments.m in Sources */ = {isa = PBXBuildFile; fileRef = 20D6E7DB1A44D5BA00B6DF3F /* EDSegments.m */; };
		20EB172D1A4747A700DA1B16 /* MOSettingsViewController.m in Sources */ = {isa = PBXBuildFile; fileRef = 20EB172C1A4747A700DA1B16 /* MOSettingsViewController.m */; };
		A564D9C51A476808003C99F3 /* CoreMotion.framework in Frameworks */ = {isa = PBXBuildFile; fileRef = A564D9C41A476808003C99F3 /* CoreMotion.framework */; };
		A564D9C71A476812003C99F3 /* CoreTelephony.framework in Frameworks */ = {isa = PBXBuildFile; fileRef = A564D9C61A476812003C99F3 /* CoreTelephony.framework */; };
		A564D9C91A476821003C99F3 /* AudioToolbox.framework in Frameworks */ = {isa = PBXBuildFile; fileRef = A564D9C81A476821003C99F3 /* AudioToolbox.framework */; };
		A564D9CB1A476838003C99F3 /* QuartzCore.framework in Frameworks */ = {isa = PBXBuildFile; fileRef = A564D9CA1A476838003C99F3 /* QuartzCore.framework */; };
		A564D9CD1A476844003C99F3 /* UIKit.framework in Frameworks */ = {isa = PBXBuildFile; fileRef = A564D9CC1A476844003C99F3 /* UIKit.framework */; };
		A564D9CF1A476849003C99F3 /* MessageUI.framework in Frameworks */ = {isa = PBXBuildFile; fileRef = A564D9CE1A476849003C99F3 /* MessageUI.framework */; };
		A564D9D11A47685B003C99F3 /* OpenGLES.framework in Frameworks */ = {isa = PBXBuildFile; fileRef = A564D9D01A47685B003C99F3 /* OpenGLES.framework */; };
		A564D9D31A476860003C99F3 /* GLKit.framework in Frameworks */ = {isa = PBXBuildFile; fileRef = A564D9D21A476860003C99F3 /* GLKit.framework */; };
		A564D9D51A476869003C99F3 /* CoreGraphics.framework in Frameworks */ = {isa = PBXBuildFile; fileRef = A564D9D41A476869003C99F3 /* CoreGraphics.framework */; };
		A564D9D71A476870003C99F3 /* Foundation.framework in Frameworks */ = {isa = PBXBuildFile; fileRef = A564D9D61A476870003C99F3 /* Foundation.framework */; };
		A564DA0B1A476ED7003C99F3 /* libUserVoice.a in Frameworks */ = {isa = PBXBuildFile; fileRef = A564D9DD1A476ED7003C99F3 /* libUserVoice.a */; };
		A564DA0C1A476ED7003C99F3 /* UserVoice.strings in Resources */ = {isa = PBXBuildFile; fileRef = A564D9E41A476ED7003C99F3 /* UserVoice.strings */; };
		A564DA0D1A476ED7003C99F3 /* uv_article.png in Resources */ = {isa = PBXBuildFile; fileRef = A564DA021A476ED7003C99F3 /* uv_article.png */; };
		A564DA0E1A476ED7003C99F3 /* uv_article@2x.png in Resources */ = {isa = PBXBuildFile; fileRef = A564DA031A476ED7003C99F3 /* uv_article@2x.png */; };
		A564DA0F1A476ED7003C99F3 /* uv_heart.png in Resources */ = {isa = PBXBuildFile; fileRef = A564DA041A476ED7003C99F3 /* uv_heart.png */; };
		A564DA101A476ED7003C99F3 /* uv_heart@2x.png in Resources */ = {isa = PBXBuildFile; fileRef = A564DA051A476ED7003C99F3 /* uv_heart@2x.png */; };
		A564DA111A476ED7003C99F3 /* uv_idea.png in Resources */ = {isa = PBXBuildFile; fileRef = A564DA061A476ED7003C99F3 /* uv_idea.png */; };
		A564DA121A476ED7003C99F3 /* uv_idea@2x.png in Resources */ = {isa = PBXBuildFile; fileRef = A564DA071A476ED7003C99F3 /* uv_idea@2x.png */; };
		A5B31C371A287F25009734EE /* main.m in Sources */ = {isa = PBXBuildFile; fileRef = A5B31C361A287F25009734EE /* main.m */; };
		A5B31C3A1A287F25009734EE /* MOAppDelegate.m in Sources */ = {isa = PBXBuildFile; fileRef = A5B31C391A287F25009734EE /* MOAppDelegate.m */; };
		A5B31C401A287F26009734EE /* Main.storyboard in Resources */ = {isa = PBXBuildFile; fileRef = A5B31C3E1A287F26009734EE /* Main.storyboard */; };
		A5B31C451A287F26009734EE /* LaunchScreen.xib in Resources */ = {isa = PBXBuildFile; fileRef = A5B31C431A287F26009734EE /* LaunchScreen.xib */; };
		A5B834431A34EAC7006ECBF8 /* MOTableViewController.m in Sources */ = {isa = PBXBuildFile; fileRef = A5B834421A34EAC7006ECBF8 /* MOTableViewController.m */; };
		A5C29FF41A33C9F300E605F1 /* PBJVideoPlayerController.m in Sources */ = {isa = PBXBuildFile; fileRef = A5C29FF11A33C9F300E605F1 /* PBJVideoPlayerController.m */; };
		A5C29FF51A33C9F300E605F1 /* PBJVideoView.m in Sources */ = {isa = PBXBuildFile; fileRef = A5C29FF31A33C9F300E605F1 /* PBJVideoView.m */; };
		A5C5EB811A2A8358002F1591 /* MOCaptureViewController.m in Sources */ = {isa = PBXBuildFile; fileRef = A5C5EB7A1A2A8358002F1591 /* MOCaptureViewController.m */; };
		A5C5EB831A2A8358002F1591 /* MOListViewController.m in Sources */ = {isa = PBXBuildFile; fileRef = A5C5EB7E1A2A8358002F1591 /* MOListViewController.m */; };
		A5C5EB841A2A8358002F1591 /* MOPageViewController.m in Sources */ = {isa = PBXBuildFile; fileRef = A5C5EB801A2A8358002F1591 /* MOPageViewController.m */; };
		A5CAD7511A299B480023F948 /* MOLoginViewController.m in Sources */ = {isa = PBXBuildFile; fileRef = A5CAD7501A299B480023F948 /* MOLoginViewController.m */; };
		A5CAD77F1A29A0BF0023F948 /* SanFrancisco-Black.otf in Resources */ = {isa = PBXBuildFile; fileRef = A5CAD7591A29A0BF0023F948 /* SanFrancisco-Black.otf */; };
		A5CAD7801A29A0BF0023F948 /* SanFranciscoDisplay-Bold.otf in Resources */ = {isa = PBXBuildFile; fileRef = A5CAD75A1A29A0BF0023F948 /* SanFranciscoDisplay-Bold.otf */; };
		A5CAD7811A29A0BF0023F948 /* SanFranciscoDisplay-Heavy.otf in Resources */ = {isa = PBXBuildFile; fileRef = A5CAD75B1A29A0BF0023F948 /* SanFranciscoDisplay-Heavy.otf */; };
		A5CAD7821A29A0BF0023F948 /* SanFranciscoDisplay-Light.otf in Resources */ = {isa = PBXBuildFile; fileRef = A5CAD75C1A29A0BF0023F948 /* SanFranciscoDisplay-Light.otf */; };
		A5CAD7831A29A0BF0023F948 /* SanFranciscoDisplay-Medium.otf in Resources */ = {isa = PBXBuildFile; fileRef = A5CAD75D1A29A0BF0023F948 /* SanFranciscoDisplay-Medium.otf */; };
		A5CAD7841A29A0BF0023F948 /* SanFranciscoDisplay-Regular.otf in Resources */ = {isa = PBXBuildFile; fileRef = A5CAD75E1A29A0BF0023F948 /* SanFranciscoDisplay-Regular.otf */; };
		A5CAD7851A29A0BF0023F948 /* SanFranciscoDisplay-Semibold.otf in Resources */ = {isa = PBXBuildFile; fileRef = A5CAD75F1A29A0BF0023F948 /* SanFranciscoDisplay-Semibold.otf */; };
		A5CAD7861A29A0BF0023F948 /* SanFranciscoDisplay-Thin.otf in Resources */ = {isa = PBXBuildFile; fileRef = A5CAD7601A29A0BF0023F948 /* SanFranciscoDisplay-Thin.otf */; };
		A5CAD7871A29A0BF0023F948 /* SanFranciscoDisplay-Ultralight.otf in Resources */ = {isa = PBXBuildFile; fileRef = A5CAD7611A29A0BF0023F948 /* SanFranciscoDisplay-Ultralight.otf */; };
		A5CAD7881A29A0BF0023F948 /* SanFranciscoText-Bold.otf in Resources */ = {isa = PBXBuildFile; fileRef = A5CAD7621A29A0BF0023F948 /* SanFranciscoText-Bold.otf */; };
		A5CAD78A1A29A0BF0023F948 /* SanFranciscoText-Heavy.otf in Resources */ = {isa = PBXBuildFile; fileRef = A5CAD7641A29A0BF0023F948 /* SanFranciscoText-Heavy.otf */; };
		A5CAD78C1A29A0BF0023F948 /* SanFranciscoText-Light.otf in Resources */ = {isa = PBXBuildFile; fileRef = A5CAD7661A29A0BF0023F948 /* SanFranciscoText-Light.otf */; };
		A5CAD78E1A29A0BF0023F948 /* SanFranciscoText-Medium.otf in Resources */ = {isa = PBXBuildFile; fileRef = A5CAD7681A29A0BF0023F948 /* SanFranciscoText-Medium.otf */; };
		A5CAD7901A29A0BF0023F948 /* SanFranciscoText-Regular.otf in Resources */ = {isa = PBXBuildFile; fileRef = A5CAD76A1A29A0BF0023F948 /* SanFranciscoText-Regular.otf */; };
		A5CAD7921A29A0BF0023F948 /* SanFranciscoText-Semibold.otf in Resources */ = {isa = PBXBuildFile; fileRef = A5CAD76C1A29A0BF0023F948 /* SanFranciscoText-Semibold.otf */; };
		A5CAD7941A29A0BF0023F948 /* SanFranciscoText-Thin.otf in Resources */ = {isa = PBXBuildFile; fileRef = A5CAD76E1A29A0BF0023F948 /* SanFranciscoText-Thin.otf */; };
		A5E01C2A1A2AF811003ED753 /* AVCamPreviewView.m in Sources */ = {isa = PBXBuildFile; fileRef = A5E01C291A2AF811003ED753 /* AVCamPreviewView.m */; };
		A5E01C9A1A2B37D7003ED753 /* JKSegmentedControl.m in Sources */ = {isa = PBXBuildFile; fileRef = A5E01C971A2B37D7003ED753 /* JKSegmentedControl.m */; };
		A5E01C9B1A2B37D7003ED753 /* SSKeychain.m in Sources */ = {isa = PBXBuildFile; fileRef = A5E01C991A2B37D7003ED753 /* SSKeychain.m */; };
		A5E01C9D1A2B37E3003ED753 /* Firebase.framework in Frameworks */ = {isa = PBXBuildFile; fileRef = A5E01C9C1A2B37E3003ED753 /* Firebase.framework */; };
		A5E01CC71A2B37F1003ED753 /* AFAmazonS3Manager.m in Sources */ = {isa = PBXBuildFile; fileRef = A5E01CA01A2B37F0003ED753 /* AFAmazonS3Manager.m */; };
		A5E01CC81A2B37F1003ED753 /* AFAmazonS3RequestSerializer.m in Sources */ = {isa = PBXBuildFile; fileRef = A5E01CA21A2B37F0003ED753 /* AFAmazonS3RequestSerializer.m */; };
		A5E01CC91A2B37F1003ED753 /* AFHTTPRequestOperation.m in Sources */ = {isa = PBXBuildFile; fileRef = A5E01CA41A2B37F0003ED753 /* AFHTTPRequestOperation.m */; };
		A5E01CCA1A2B37F1003ED753 /* AFHTTPRequestOperationManager.m in Sources */ = {isa = PBXBuildFile; fileRef = A5E01CA61A2B37F1003ED753 /* AFHTTPRequestOperationManager.m */; };
		A5E01CCB1A2B37F1003ED753 /* AFHTTPSessionManager.m in Sources */ = {isa = PBXBuildFile; fileRef = A5E01CA81A2B37F1003ED753 /* AFHTTPSessionManager.m */; };
		A5E01CCC1A2B37F1003ED753 /* AFNetworkActivityIndicatorManager.m in Sources */ = {isa = PBXBuildFile; fileRef = A5E01CAA1A2B37F1003ED753 /* AFNetworkActivityIndicatorManager.m */; };
		A5E01CCD1A2B37F1003ED753 /* AFNetworkReachabilityManager.m in Sources */ = {isa = PBXBuildFile; fileRef = A5E01CAD1A2B37F1003ED753 /* AFNetworkReachabilityManager.m */; };
		A5E01CCE1A2B37F1003ED753 /* AFSecurityPolicy.m in Sources */ = {isa = PBXBuildFile; fileRef = A5E01CAF1A2B37F1003ED753 /* AFSecurityPolicy.m */; };
		A5E01CCF1A2B37F1003ED753 /* AFURLConnectionOperation.m in Sources */ = {isa = PBXBuildFile; fileRef = A5E01CB11A2B37F1003ED753 /* AFURLConnectionOperation.m */; };
		A5E01CD01A2B37F1003ED753 /* AFURLRequestSerialization.m in Sources */ = {isa = PBXBuildFile; fileRef = A5E01CB31A2B37F1003ED753 /* AFURLRequestSerialization.m */; };
		A5E01CD11A2B37F1003ED753 /* AFURLResponseSerialization.m in Sources */ = {isa = PBXBuildFile; fileRef = A5E01CB51A2B37F1003ED753 /* AFURLResponseSerialization.m */; };
		A5E01CD21A2B37F1003ED753 /* AFURLSessionManager.m in Sources */ = {isa = PBXBuildFile; fileRef = A5E01CB71A2B37F1003ED753 /* AFURLSessionManager.m */; };
		A5E01CD31A2B37F1003ED753 /* UIActivityIndicatorView+AFNetworking.m in Sources */ = {isa = PBXBuildFile; fileRef = A5E01CB91A2B37F1003ED753 /* UIActivityIndicatorView+AFNetworking.m */; };
		A5E01CD41A2B37F1003ED753 /* UIAlertView+AFNetworking.m in Sources */ = {isa = PBXBuildFile; fileRef = A5E01CBB1A2B37F1003ED753 /* UIAlertView+AFNetworking.m */; };
		A5E01CD51A2B37F1003ED753 /* UIButton+AFNetworking.m in Sources */ = {isa = PBXBuildFile; fileRef = A5E01CBD1A2B37F1003ED753 /* UIButton+AFNetworking.m */; };
		A5E01CD61A2B37F1003ED753 /* UIImageView+AFNetworking.m in Sources */ = {isa = PBXBuildFile; fileRef = A5E01CBF1A2B37F1003ED753 /* UIImageView+AFNetworking.m */; };
		A5E01CD71A2B37F1003ED753 /* UIProgressView+AFNetworking.m in Sources */ = {isa = PBXBuildFile; fileRef = A5E01CC21A2B37F1003ED753 /* UIProgressView+AFNetworking.m */; };
		A5E01CD81A2B37F1003ED753 /* UIRefreshControl+AFNetworking.m in Sources */ = {isa = PBXBuildFile; fileRef = A5E01CC41A2B37F1003ED753 /* UIRefreshControl+AFNetworking.m */; };
		A5E01CD91A2B37F1003ED753 /* UIWebView+AFNetworking.m in Sources */ = {isa = PBXBuildFile; fileRef = A5E01CC61A2B37F1003ED753 /* UIWebView+AFNetworking.m */; };
		A5E01CDB1A2B3899003ED753 /* interface.xcassets in Resources */ = {isa = PBXBuildFile; fileRef = A5E01CDA1A2B3899003ED753 /* interface.xcassets */; };
		A5E01CDD1A2B3C76003ED753 /* fundamentals.xcassets in Resources */ = {isa = PBXBuildFile; fileRef = A5E01CDC1A2B3C76003ED753 /* fundamentals.xcassets */; };
/* End PBXBuildFile section */

/* Begin PBXFileReference section */
		0204183D1A296C9300134216 /* MediaPlayer.framework */ = {isa = PBXFileReference; lastKnownFileType = wrapper.framework; name = MediaPlayer.framework; path = System/Library/Frameworks/MediaPlayer.framework; sourceTree = SDKROOT; };
		0204183F1A296C9B00134216 /* CoreMedia.framework */ = {isa = PBXFileReference; lastKnownFileType = wrapper.framework; name = CoreMedia.framework; path = System/Library/Frameworks/CoreMedia.framework; sourceTree = SDKROOT; };
		020418411A296CAF00134216 /* AVFoundation.framework */ = {isa = PBXFileReference; lastKnownFileType = wrapper.framework; name = AVFoundation.framework; path = System/Library/Frameworks/AVFoundation.framework; sourceTree = SDKROOT; };
		020418431A296CB600134216 /* CoreFoundation.framework */ = {isa = PBXFileReference; lastKnownFileType = wrapper.framework; name = CoreFoundation.framework; path = System/Library/Frameworks/CoreFoundation.framework; sourceTree = SDKROOT; };
		0232A0611A2A8ABD00ABF2FB /* MomentsAPIUtilities.h */ = {isa = PBXFileReference; fileEncoding = 4; lastKnownFileType = sourcecode.c.h; path = MomentsAPIUtilities.h; sourceTree = "<group>"; };
		0232A0621A2A8ABD00ABF2FB /* MomentsAPIUtilities.m */ = {isa = PBXFileReference; fileEncoding = 4; lastKnownFileType = sourcecode.c.objc; path = MomentsAPIUtilities.m; sourceTree = "<group>"; };
		025679FF1A2B0478002465CF /* MOFollowingViewController.h */ = {isa = PBXFileReference; fileEncoding = 4; lastKnownFileType = sourcecode.c.h; path = MOFollowingViewController.h; sourceTree = "<group>"; };
		02567A001A2B0478002465CF /* MOFollowingViewController.m */ = {isa = PBXFileReference; fileEncoding = 4; lastKnownFileType = sourcecode.c.objc; path = MOFollowingViewController.m; sourceTree = "<group>"; };
		02567A0B1A2B1B69002465CF /* MOFollowersViewController.h */ = {isa = PBXFileReference; fileEncoding = 4; lastKnownFileType = sourcecode.c.h; path = MOFollowersViewController.h; sourceTree = "<group>"; };
		02567A0C1A2B1B69002465CF /* MOFollowersViewController.m */ = {isa = PBXFileReference; fileEncoding = 4; lastKnownFileType = sourcecode.c.objc; path = MOFollowersViewController.m; sourceTree = "<group>"; };
		02949EC81A298431001EDD2D /* libicucore.dylib */ = {isa = PBXFileReference; lastKnownFileType = "compiled.mach-o.dylib"; name = libicucore.dylib; path = usr/lib/libicucore.dylib; sourceTree = SDKROOT; };
		02949ECA1A29843A001EDD2D /* libc++.dylib */ = {isa = PBXFileReference; lastKnownFileType = "compiled.mach-o.dylib"; name = "libc++.dylib"; path = "usr/lib/libc++.dylib"; sourceTree = SDKROOT; };
		02949ECC1A298441001EDD2D /* CFNetwork.framework */ = {isa = PBXFileReference; lastKnownFileType = wrapper.framework; name = CFNetwork.framework; path = System/Library/Frameworks/CFNetwork.framework; sourceTree = SDKROOT; };
		02949ECE1A298451001EDD2D /* Security.framework */ = {isa = PBXFileReference; lastKnownFileType = wrapper.framework; name = Security.framework; path = System/Library/Frameworks/Security.framework; sourceTree = SDKROOT; };
		02949ED01A298458001EDD2D /* SystemConfiguration.framework */ = {isa = PBXFileReference; lastKnownFileType = wrapper.framework; name = SystemConfiguration.framework; path = System/Library/Frameworks/SystemConfiguration.framework; sourceTree = SDKROOT; };
		029606791A3518A600FFA9AD /* ALAssetsLibrary+CustomPhotoAlbum.h */ = {isa = PBXFileReference; fileEncoding = 4; lastKnownFileType = sourcecode.c.h; path = "ALAssetsLibrary+CustomPhotoAlbum.h"; sourceTree = "<group>"; };
		0296067A1A3518A600FFA9AD /* ALAssetsLibrary+CustomPhotoAlbum.m */ = {isa = PBXFileReference; fileEncoding = 4; lastKnownFileType = sourcecode.c.objc; path = "ALAssetsLibrary+CustomPhotoAlbum.m"; sourceTree = "<group>"; };
		02C1E4A11A2E9AAE00F7EC6E /* JCDHTTPConnection.h */ = {isa = PBXFileReference; fileEncoding = 4; lastKnownFileType = sourcecode.c.h; path = JCDHTTPConnection.h; sourceTree = "<group>"; };
		02C1E4A21A2E9AAE00F7EC6E /* JCDHTTPConnection.m */ = {isa = PBXFileReference; fileEncoding = 4; lastKnownFileType = sourcecode.c.objc; path = JCDHTTPConnection.m; sourceTree = "<group>"; };
		02C1E4AC1A30221C00F7EC6E /* DLIL.h */ = {isa = PBXFileReference; fileEncoding = 4; lastKnownFileType = sourcecode.c.h; path = DLIL.h; sourceTree = "<group>"; };
		02C1E4AE1A30221C00F7EC6E /* DLILCacheManager.h */ = {isa = PBXFileReference; fileEncoding = 4; lastKnownFileType = sourcecode.c.h; path = DLILCacheManager.h; sourceTree = "<group>"; };
		02C1E4AF1A30221C00F7EC6E /* DLILCacheManager.m */ = {isa = PBXFileReference; fileEncoding = 4; lastKnownFileType = sourcecode.c.objc; path = DLILCacheManager.m; sourceTree = "<group>"; };
		02C1E4B11A30221C00F7EC6E /* DLILOperation.h */ = {isa = PBXFileReference; fileEncoding = 4; lastKnownFileType = sourcecode.c.h; path = DLILOperation.h; sourceTree = "<group>"; };
		02C1E4B21A30221C00F7EC6E /* DLILOperation.m */ = {isa = PBXFileReference; fileEncoding = 4; lastKnownFileType = sourcecode.c.objc; path = DLILOperation.m; sourceTree = "<group>"; };
		02C1E4B31A30221C00F7EC6E /* DLImageLoader.h */ = {isa = PBXFileReference; fileEncoding = 4; lastKnownFileType = sourcecode.c.h; path = DLImageLoader.h; sourceTree = "<group>"; };
		02C1E4B41A30221C00F7EC6E /* DLImageLoader.m */ = {isa = PBXFileReference; fileEncoding = 4; lastKnownFileType = sourcecode.c.objc; path = DLImageLoader.m; sourceTree = "<group>"; };
		02C1E4B51A30221C00F7EC6E /* DLImageView.h */ = {isa = PBXFileReference; fileEncoding = 4; lastKnownFileType = sourcecode.c.h; path = DLImageView.h; sourceTree = "<group>"; };
		02C1E4B61A30221C00F7EC6E /* DLImageView.m */ = {isa = PBXFileReference; fileEncoding = 4; lastKnownFileType = sourcecode.c.objc; path = DLImageView.m; sourceTree = "<group>"; };
		204BA45B1A4134BF00C1C05E /* EDSpinningBoxScene.h */ = {isa = PBXFileReference; fileEncoding = 4; lastKnownFileType = sourcecode.c.h; path = EDSpinningBoxScene.h; sourceTree = "<group>"; };
		204BA45C1A4134BF00C1C05E /* EDSpinningBoxScene.m */ = {isa = PBXFileReference; fileEncoding = 4; lastKnownFileType = sourcecode.c.objc; path = EDSpinningBoxScene.m; sourceTree = "<group>"; };
		20D6E7D41A43C7DA00B6DF3F /* EDSegmentedControl.h */ = {isa = PBXFileReference; fileEncoding = 4; lastKnownFileType = sourcecode.c.h; path = EDSegmentedControl.h; sourceTree = "<group>"; };
		20D6E7D51A43C7DA00B6DF3F /* EDSegmentedControl.m */ = {isa = PBXFileReference; fileEncoding = 4; lastKnownFileType = sourcecode.c.objc; path = EDSegmentedControl.m; sourceTree = "<group>"; };
		20D6E7DA1A44D5BA00B6DF3F /* EDSegments.h */ = {isa = PBXFileReference; fileEncoding = 4; lastKnownFileType = sourcecode.c.h; path = EDSegments.h; sourceTree = "<group>"; };
		20D6E7DB1A44D5BA00B6DF3F /* EDSegments.m */ = {isa = PBXFileReference; fileEncoding = 4; lastKnownFileType = sourcecode.c.objc; path = EDSegments.m; sourceTree = "<group>"; };
		20EB172B1A4747A700DA1B16 /* MOSettingsViewController.h */ = {isa = PBXFileReference; fileEncoding = 4; lastKnownFileType = sourcecode.c.h; path = MOSettingsViewController.h; sourceTree = "<group>"; };
		20EB172C1A4747A700DA1B16 /* MOSettingsViewController.m */ = {isa = PBXFileReference; fileEncoding = 4; lastKnownFileType = sourcecode.c.objc; path = MOSettingsViewController.m; sourceTree = "<group>"; };
		A564D9C41A476808003C99F3 /* CoreMotion.framework */ = {isa = PBXFileReference; lastKnownFileType = wrapper.framework; name = CoreMotion.framework; path = System/Library/Frameworks/CoreMotion.framework; sourceTree = SDKROOT; };
		A564D9C61A476812003C99F3 /* CoreTelephony.framework */ = {isa = PBXFileReference; lastKnownFileType = wrapper.framework; name = CoreTelephony.framework; path = System/Library/Frameworks/CoreTelephony.framework; sourceTree = SDKROOT; };
		A564D9C81A476821003C99F3 /* AudioToolbox.framework */ = {isa = PBXFileReference; lastKnownFileType = wrapper.framework; name = AudioToolbox.framework; path = System/Library/Frameworks/AudioToolbox.framework; sourceTree = SDKROOT; };
		A564D9CA1A476838003C99F3 /* QuartzCore.framework */ = {isa = PBXFileReference; lastKnownFileType = wrapper.framework; name = QuartzCore.framework; path = System/Library/Frameworks/QuartzCore.framework; sourceTree = SDKROOT; };
		A564D9CC1A476844003C99F3 /* UIKit.framework */ = {isa = PBXFileReference; lastKnownFileType = wrapper.framework; name = UIKit.framework; path = System/Library/Frameworks/UIKit.framework; sourceTree = SDKROOT; };
		A564D9CE1A476849003C99F3 /* MessageUI.framework */ = {isa = PBXFileReference; lastKnownFileType = wrapper.framework; name = MessageUI.framework; path = System/Library/Frameworks/MessageUI.framework; sourceTree = SDKROOT; };
		A564D9D01A47685B003C99F3 /* OpenGLES.framework */ = {isa = PBXFileReference; lastKnownFileType = wrapper.framework; name = OpenGLES.framework; path = System/Library/Frameworks/OpenGLES.framework; sourceTree = SDKROOT; };
		A564D9D21A476860003C99F3 /* GLKit.framework */ = {isa = PBXFileReference; lastKnownFileType = wrapper.framework; name = GLKit.framework; path = System/Library/Frameworks/GLKit.framework; sourceTree = SDKROOT; };
		A564D9D41A476869003C99F3 /* CoreGraphics.framework */ = {isa = PBXFileReference; lastKnownFileType = wrapper.framework; name = CoreGraphics.framework; path = System/Library/Frameworks/CoreGraphics.framework; sourceTree = SDKROOT; };
		A564D9D61A476870003C99F3 /* Foundation.framework */ = {isa = PBXFileReference; lastKnownFileType = wrapper.framework; name = Foundation.framework; path = System/Library/Frameworks/Foundation.framework; sourceTree = SDKROOT; };
		A564D9DD1A476ED7003C99F3 /* libUserVoice.a */ = {isa = PBXFileReference; lastKnownFileType = archive.ar; path = libUserVoice.a; sourceTree = "<group>"; };
		A564D9DF1A476ED7003C99F3 /* UserVoice.h */ = {isa = PBXFileReference; fileEncoding = 4; lastKnownFileType = sourcecode.c.h; path = UserVoice.h; sourceTree = "<group>"; };
		A564D9E01A476ED7003C99F3 /* UVConfig.h */ = {isa = PBXFileReference; fileEncoding = 4; lastKnownFileType = sourcecode.c.h; path = UVConfig.h; sourceTree = "<group>"; };
		A564D9E11A476ED7003C99F3 /* UVDelegate.h */ = {isa = PBXFileReference; fileEncoding = 4; lastKnownFileType = sourcecode.c.h; path = UVDelegate.h; sourceTree = "<group>"; };
		A564D9E21A476ED7003C99F3 /* UVStyleSheet.h */ = {isa = PBXFileReference; fileEncoding = 4; lastKnownFileType = sourcecode.c.h; path = UVStyleSheet.h; sourceTree = "<group>"; };
		A564D9E51A476ED7003C99F3 /* ca */ = {isa = PBXFileReference; lastKnownFileType = text.plist.strings; name = ca; path = ca.lproj/UserVoice.strings; sourceTree = "<group>"; };
		A564D9E61A476ED7003C99F3 /* cs */ = {isa = PBXFileReference; lastKnownFileType = text.plist.strings; name = cs; path = cs.lproj/UserVoice.strings; sourceTree = "<group>"; };
		A564D9E71A476ED7003C99F3 /* da */ = {isa = PBXFileReference; lastKnownFileType = text.plist.strings; name = da; path = da.lproj/UserVoice.strings; sourceTree = "<group>"; };
		A564D9E81A476ED7003C99F3 /* de */ = {isa = PBXFileReference; lastKnownFileType = text.plist.strings; name = de; path = de.lproj/UserVoice.strings; sourceTree = "<group>"; };
		A564D9E91A476ED7003C99F3 /* el */ = {isa = PBXFileReference; lastKnownFileType = text.plist.strings; name = el; path = el.lproj/UserVoice.strings; sourceTree = "<group>"; };
		A564D9EA1A476ED7003C99F3 /* en-GB */ = {isa = PBXFileReference; lastKnownFileType = text.plist.strings; name = "en-GB"; path = "en-GB.lproj/UserVoice.strings"; sourceTree = "<group>"; };
		A564D9EB1A476ED7003C99F3 /* en */ = {isa = PBXFileReference; lastKnownFileType = text.plist.strings; name = en; path = en.lproj/UserVoice.strings; sourceTree = "<group>"; };
		A564D9EC1A476ED7003C99F3 /* es */ = {isa = PBXFileReference; lastKnownFileType = text.plist.strings; name = es; path = es.lproj/UserVoice.strings; sourceTree = "<group>"; };
		A564D9ED1A476ED7003C99F3 /* fi */ = {isa = PBXFileReference; lastKnownFileType = text.plist.strings; name = fi; path = fi.lproj/UserVoice.strings; sourceTree = "<group>"; };
		A564D9EE1A476ED7003C99F3 /* fr */ = {isa = PBXFileReference; lastKnownFileType = text.plist.strings; name = fr; path = fr.lproj/UserVoice.strings; sourceTree = "<group>"; };
		A564D9EF1A476ED7003C99F3 /* hr */ = {isa = PBXFileReference; lastKnownFileType = text.plist.strings; name = hr; path = hr.lproj/UserVoice.strings; sourceTree = "<group>"; };
		A564D9F01A476ED7003C99F3 /* hu */ = {isa = PBXFileReference; lastKnownFileType = text.plist.strings; name = hu; path = hu.lproj/UserVoice.strings; sourceTree = "<group>"; };
		A564D9F11A476ED7003C99F3 /* id */ = {isa = PBXFileReference; lastKnownFileType = text.plist.strings; name = id; path = id.lproj/UserVoice.strings; sourceTree = "<group>"; };
		A564D9F21A476ED7003C99F3 /* it */ = {isa = PBXFileReference; lastKnownFileType = text.plist.strings; name = it; path = it.lproj/UserVoice.strings; sourceTree = "<group>"; };
		A564D9F31A476ED7003C99F3 /* ja */ = {isa = PBXFileReference; lastKnownFileType = text.plist.strings; name = ja; path = ja.lproj/UserVoice.strings; sourceTree = "<group>"; };
		A564D9F41A476ED7003C99F3 /* ko */ = {isa = PBXFileReference; lastKnownFileType = text.plist.strings; name = ko; path = ko.lproj/UserVoice.strings; sourceTree = "<group>"; };
		A564D9F51A476ED7003C99F3 /* ms */ = {isa = PBXFileReference; lastKnownFileType = text.plist.strings; name = ms; path = ms.lproj/UserVoice.strings; sourceTree = "<group>"; };
		A564D9F61A476ED7003C99F3 /* nb */ = {isa = PBXFileReference; lastKnownFileType = text.plist.strings; name = nb; path = nb.lproj/UserVoice.strings; sourceTree = "<group>"; };
		A564D9F71A476ED7003C99F3 /* nl */ = {isa = PBXFileReference; lastKnownFileType = text.plist.strings; name = nl; path = nl.lproj/UserVoice.strings; sourceTree = "<group>"; };
		A564D9F81A476ED7003C99F3 /* pl */ = {isa = PBXFileReference; lastKnownFileType = text.plist.strings; name = pl; path = pl.lproj/UserVoice.strings; sourceTree = "<group>"; };
		A564D9F91A476ED7003C99F3 /* pt-PT */ = {isa = PBXFileReference; lastKnownFileType = text.plist.strings; name = "pt-PT"; path = "pt-PT.lproj/UserVoice.strings"; sourceTree = "<group>"; };
		A564D9FA1A476ED7003C99F3 /* pt */ = {isa = PBXFileReference; lastKnownFileType = text.plist.strings; name = pt; path = pt.lproj/UserVoice.strings; sourceTree = "<group>"; };
		A564D9FB1A476ED7003C99F3 /* ro */ = {isa = PBXFileReference; lastKnownFileType = text.plist.strings; name = ro; path = ro.lproj/UserVoice.strings; sourceTree = "<group>"; };
		A564D9FC1A476ED7003C99F3 /* ru */ = {isa = PBXFileReference; lastKnownFileType = text.plist.strings; name = ru; path = ru.lproj/UserVoice.strings; sourceTree = "<group>"; };
		A564D9FD1A476ED7003C99F3 /* sk */ = {isa = PBXFileReference; lastKnownFileType = text.plist.strings; name = sk; path = sk.lproj/UserVoice.strings; sourceTree = "<group>"; };
		A564D9FE1A476ED7003C99F3 /* sv */ = {isa = PBXFileReference; lastKnownFileType = text.plist.strings; name = sv; path = sv.lproj/UserVoice.strings; sourceTree = "<group>"; };
		A564D9FF1A476ED7003C99F3 /* th */ = {isa = PBXFileReference; lastKnownFileType = text.plist.strings; name = th; path = th.lproj/UserVoice.strings; sourceTree = "<group>"; };
		A564DA001A476ED7003C99F3 /* tr */ = {isa = PBXFileReference; lastKnownFileType = text.plist.strings; name = tr; path = tr.lproj/UserVoice.strings; sourceTree = "<group>"; };
		A564DA011A476ED7003C99F3 /* uk */ = {isa = PBXFileReference; lastKnownFileType = text.plist.strings; name = uk; path = uk.lproj/UserVoice.strings; sourceTree = "<group>"; };
		A564DA021A476ED7003C99F3 /* uv_article.png */ = {isa = PBXFileReference; lastKnownFileType = image.png; path = uv_article.png; sourceTree = "<group>"; };
		A564DA031A476ED7003C99F3 /* uv_article@2x.png */ = {isa = PBXFileReference; lastKnownFileType = image.png; path = "uv_article@2x.png"; sourceTree = "<group>"; };
		A564DA041A476ED7003C99F3 /* uv_heart.png */ = {isa = PBXFileReference; lastKnownFileType = image.png; path = uv_heart.png; sourceTree = "<group>"; };
		A564DA051A476ED7003C99F3 /* uv_heart@2x.png */ = {isa = PBXFileReference; lastKnownFileType = image.png; path = "uv_heart@2x.png"; sourceTree = "<group>"; };
		A564DA061A476ED7003C99F3 /* uv_idea.png */ = {isa = PBXFileReference; lastKnownFileType = image.png; path = uv_idea.png; sourceTree = "<group>"; };
		A564DA071A476ED7003C99F3 /* uv_idea@2x.png */ = {isa = PBXFileReference; lastKnownFileType = image.png; path = "uv_idea@2x.png"; sourceTree = "<group>"; };
		A564DA081A476ED7003C99F3 /* vi */ = {isa = PBXFileReference; lastKnownFileType = text.plist.strings; name = vi; path = vi.lproj/UserVoice.strings; sourceTree = "<group>"; };
		A564DA091A476ED7003C99F3 /* zh-Hans */ = {isa = PBXFileReference; lastKnownFileType = text.plist.strings; name = "zh-Hans"; path = "zh-Hans.lproj/UserVoice.strings"; sourceTree = "<group>"; };
		A564DA0A1A476ED7003C99F3 /* zh-Hant */ = {isa = PBXFileReference; lastKnownFileType = text.plist.strings; name = "zh-Hant"; path = "zh-Hant.lproj/UserVoice.strings"; sourceTree = "<group>"; };
		A5B31C311A287F25009734EE /* Moments.app */ = {isa = PBXFileReference; explicitFileType = wrapper.application; includeInIndex = 0; path = Moments.app; sourceTree = BUILT_PRODUCTS_DIR; };
		A5B31C351A287F25009734EE /* Info.plist */ = {isa = PBXFileReference; lastKnownFileType = text.plist.xml; path = Info.plist; sourceTree = "<group>"; };
		A5B31C361A287F25009734EE /* main.m */ = {isa = PBXFileReference; lastKnownFileType = sourcecode.c.objc; path = main.m; sourceTree = "<group>"; };
		A5B31C381A287F25009734EE /* MOAppDelegate.h */ = {isa = PBXFileReference; lastKnownFileType = sourcecode.c.h; path = MOAppDelegate.h; sourceTree = "<group>"; };
		A5B31C391A287F25009734EE /* MOAppDelegate.m */ = {isa = PBXFileReference; lastKnownFileType = sourcecode.c.objc; path = MOAppDelegate.m; sourceTree = "<group>"; };
		A5B31C3F1A287F26009734EE /* Base */ = {isa = PBXFileReference; lastKnownFileType = file.storyboard; name = Base; path = Base.lproj/Main.storyboard; sourceTree = "<group>"; };
		A5B31C441A287F26009734EE /* Base */ = {isa = PBXFileReference; lastKnownFileType = file.xib; name = Base; path = Base.lproj/LaunchScreen.xib; sourceTree = "<group>"; };
		A5B834411A34EAC7006ECBF8 /* MOTableViewController.h */ = {isa = PBXFileReference; fileEncoding = 4; lastKnownFileType = sourcecode.c.h; path = MOTableViewController.h; sourceTree = "<group>"; };
		A5B834421A34EAC7006ECBF8 /* MOTableViewController.m */ = {isa = PBXFileReference; fileEncoding = 4; lastKnownFileType = sourcecode.c.objc; path = MOTableViewController.m; sourceTree = "<group>"; };
		A5C29FF01A33C9F300E605F1 /* PBJVideoPlayerController.h */ = {isa = PBXFileReference; fileEncoding = 4; lastKnownFileType = sourcecode.c.h; path = PBJVideoPlayerController.h; sourceTree = "<group>"; };
		A5C29FF11A33C9F300E605F1 /* PBJVideoPlayerController.m */ = {isa = PBXFileReference; fileEncoding = 4; lastKnownFileType = sourcecode.c.objc; path = PBJVideoPlayerController.m; sourceTree = "<group>"; };
		A5C29FF21A33C9F300E605F1 /* PBJVideoView.h */ = {isa = PBXFileReference; fileEncoding = 4; lastKnownFileType = sourcecode.c.h; path = PBJVideoView.h; sourceTree = "<group>"; };
		A5C29FF31A33C9F300E605F1 /* PBJVideoView.m */ = {isa = PBXFileReference; fileEncoding = 4; lastKnownFileType = sourcecode.c.objc; path = PBJVideoView.m; sourceTree = "<group>"; };
		A5C5EB791A2A8358002F1591 /* MOCaptureViewController.h */ = {isa = PBXFileReference; fileEncoding = 4; lastKnownFileType = sourcecode.c.h; path = MOCaptureViewController.h; sourceTree = "<group>"; };
		A5C5EB7A1A2A8358002F1591 /* MOCaptureViewController.m */ = {isa = PBXFileReference; fileEncoding = 4; lastKnownFileType = sourcecode.c.objc; path = MOCaptureViewController.m; sourceTree = "<group>"; };
		A5C5EB7D1A2A8358002F1591 /* MOListViewController.h */ = {isa = PBXFileReference; fileEncoding = 4; lastKnownFileType = sourcecode.c.h; path = MOListViewController.h; sourceTree = "<group>"; };
		A5C5EB7E1A2A8358002F1591 /* MOListViewController.m */ = {isa = PBXFileReference; fileEncoding = 4; lastKnownFileType = sourcecode.c.objc; path = MOListViewController.m; sourceTree = "<group>"; };
		A5C5EB7F1A2A8358002F1591 /* MOPageViewController.h */ = {isa = PBXFileReference; fileEncoding = 4; lastKnownFileType = sourcecode.c.h; path = MOPageViewController.h; sourceTree = "<group>"; };
		A5C5EB801A2A8358002F1591 /* MOPageViewController.m */ = {isa = PBXFileReference; fileEncoding = 4; lastKnownFileType = sourcecode.c.objc; path = MOPageViewController.m; sourceTree = "<group>"; };
		A5CAD74F1A299B480023F948 /* MOLoginViewController.h */ = {isa = PBXFileReference; fileEncoding = 4; lastKnownFileType = sourcecode.c.h; path = MOLoginViewController.h; sourceTree = "<group>"; };
		A5CAD7501A299B480023F948 /* MOLoginViewController.m */ = {isa = PBXFileReference; fileEncoding = 4; lastKnownFileType = sourcecode.c.objc; path = MOLoginViewController.m; sourceTree = "<group>"; };
		A5CAD7591A29A0BF0023F948 /* SanFrancisco-Black.otf */ = {isa = PBXFileReference; lastKnownFileType = file; path = "SanFrancisco-Black.otf"; sourceTree = "<group>"; };
		A5CAD75A1A29A0BF0023F948 /* SanFranciscoDisplay-Bold.otf */ = {isa = PBXFileReference; lastKnownFileType = file; path = "SanFranciscoDisplay-Bold.otf"; sourceTree = "<group>"; };
		A5CAD75B1A29A0BF0023F948 /* SanFranciscoDisplay-Heavy.otf */ = {isa = PBXFileReference; lastKnownFileType = file; path = "SanFranciscoDisplay-Heavy.otf"; sourceTree = "<group>"; };
		A5CAD75C1A29A0BF0023F948 /* SanFranciscoDisplay-Light.otf */ = {isa = PBXFileReference; lastKnownFileType = file; path = "SanFranciscoDisplay-Light.otf"; sourceTree = "<group>"; };
		A5CAD75D1A29A0BF0023F948 /* SanFranciscoDisplay-Medium.otf */ = {isa = PBXFileReference; lastKnownFileType = file; path = "SanFranciscoDisplay-Medium.otf"; sourceTree = "<group>"; };
		A5CAD75E1A29A0BF0023F948 /* SanFranciscoDisplay-Regular.otf */ = {isa = PBXFileReference; lastKnownFileType = file; path = "SanFranciscoDisplay-Regular.otf"; sourceTree = "<group>"; };
		A5CAD75F1A29A0BF0023F948 /* SanFranciscoDisplay-Semibold.otf */ = {isa = PBXFileReference; lastKnownFileType = file; path = "SanFranciscoDisplay-Semibold.otf"; sourceTree = "<group>"; };
		A5CAD7601A29A0BF0023F948 /* SanFranciscoDisplay-Thin.otf */ = {isa = PBXFileReference; lastKnownFileType = file; path = "SanFranciscoDisplay-Thin.otf"; sourceTree = "<group>"; };
		A5CAD7611A29A0BF0023F948 /* SanFranciscoDisplay-Ultralight.otf */ = {isa = PBXFileReference; lastKnownFileType = file; path = "SanFranciscoDisplay-Ultralight.otf"; sourceTree = "<group>"; };
		A5CAD7621A29A0BF0023F948 /* SanFranciscoText-Bold.otf */ = {isa = PBXFileReference; lastKnownFileType = file; path = "SanFranciscoText-Bold.otf"; sourceTree = "<group>"; };
		A5CAD7641A29A0BF0023F948 /* SanFranciscoText-Heavy.otf */ = {isa = PBXFileReference; lastKnownFileType = file; path = "SanFranciscoText-Heavy.otf"; sourceTree = "<group>"; };
		A5CAD7661A29A0BF0023F948 /* SanFranciscoText-Light.otf */ = {isa = PBXFileReference; lastKnownFileType = file; path = "SanFranciscoText-Light.otf"; sourceTree = "<group>"; };
		A5CAD7681A29A0BF0023F948 /* SanFranciscoText-Medium.otf */ = {isa = PBXFileReference; lastKnownFileType = file; path = "SanFranciscoText-Medium.otf"; sourceTree = "<group>"; };
		A5CAD76A1A29A0BF0023F948 /* SanFranciscoText-Regular.otf */ = {isa = PBXFileReference; lastKnownFileType = file; path = "SanFranciscoText-Regular.otf"; sourceTree = "<group>"; };
		A5CAD76C1A29A0BF0023F948 /* SanFranciscoText-Semibold.otf */ = {isa = PBXFileReference; lastKnownFileType = file; path = "SanFranciscoText-Semibold.otf"; sourceTree = "<group>"; };
		A5CAD76E1A29A0BF0023F948 /* SanFranciscoText-Thin.otf */ = {isa = PBXFileReference; lastKnownFileType = file; path = "SanFranciscoText-Thin.otf"; sourceTree = "<group>"; };
		A5E01C281A2AF811003ED753 /* AVCamPreviewView.h */ = {isa = PBXFileReference; fileEncoding = 4; lastKnownFileType = sourcecode.c.h; path = AVCamPreviewView.h; sourceTree = "<group>"; };
		A5E01C291A2AF811003ED753 /* AVCamPreviewView.m */ = {isa = PBXFileReference; fileEncoding = 4; lastKnownFileType = sourcecode.c.objc; path = AVCamPreviewView.m; sourceTree = "<group>"; };
		A5E01C961A2B37D7003ED753 /* JKSegmentedControl.h */ = {isa = PBXFileReference; fileEncoding = 4; lastKnownFileType = sourcecode.c.h; name = JKSegmentedControl.h; path = Libraries/JKSegmentedControl.h; sourceTree = "<group>"; };
		A5E01C971A2B37D7003ED753 /* JKSegmentedControl.m */ = {isa = PBXFileReference; fileEncoding = 4; lastKnownFileType = sourcecode.c.objc; name = JKSegmentedControl.m; path = Libraries/JKSegmentedControl.m; sourceTree = "<group>"; };
		A5E01C981A2B37D7003ED753 /* SSKeychain.h */ = {isa = PBXFileReference; fileEncoding = 4; lastKnownFileType = sourcecode.c.h; name = SSKeychain.h; path = Libraries/SSKeychain.h; sourceTree = "<group>"; };
		A5E01C991A2B37D7003ED753 /* SSKeychain.m */ = {isa = PBXFileReference; fileEncoding = 4; lastKnownFileType = sourcecode.c.objc; name = SSKeychain.m; path = Libraries/SSKeychain.m; sourceTree = "<group>"; };
		A5E01C9C1A2B37E3003ED753 /* Firebase.framework */ = {isa = PBXFileReference; lastKnownFileType = wrapper.framework; name = Firebase.framework; path = Libraries/Firebase.framework; sourceTree = "<group>"; };
		A5E01C9F1A2B37F0003ED753 /* AFAmazonS3Manager.h */ = {isa = PBXFileReference; fileEncoding = 4; lastKnownFileType = sourcecode.c.h; path = AFAmazonS3Manager.h; sourceTree = "<group>"; };
		A5E01CA01A2B37F0003ED753 /* AFAmazonS3Manager.m */ = {isa = PBXFileReference; fileEncoding = 4; lastKnownFileType = sourcecode.c.objc; path = AFAmazonS3Manager.m; sourceTree = "<group>"; };
		A5E01CA11A2B37F0003ED753 /* AFAmazonS3RequestSerializer.h */ = {isa = PBXFileReference; fileEncoding = 4; lastKnownFileType = sourcecode.c.h; path = AFAmazonS3RequestSerializer.h; sourceTree = "<group>"; };
		A5E01CA21A2B37F0003ED753 /* AFAmazonS3RequestSerializer.m */ = {isa = PBXFileReference; fileEncoding = 4; lastKnownFileType = sourcecode.c.objc; path = AFAmazonS3RequestSerializer.m; sourceTree = "<group>"; };
		A5E01CA31A2B37F0003ED753 /* AFHTTPRequestOperation.h */ = {isa = PBXFileReference; fileEncoding = 4; lastKnownFileType = sourcecode.c.h; path = AFHTTPRequestOperation.h; sourceTree = "<group>"; };
		A5E01CA41A2B37F0003ED753 /* AFHTTPRequestOperation.m */ = {isa = PBXFileReference; fileEncoding = 4; lastKnownFileType = sourcecode.c.objc; path = AFHTTPRequestOperation.m; sourceTree = "<group>"; };
		A5E01CA51A2B37F1003ED753 /* AFHTTPRequestOperationManager.h */ = {isa = PBXFileReference; fileEncoding = 4; lastKnownFileType = sourcecode.c.h; path = AFHTTPRequestOperationManager.h; sourceTree = "<group>"; };
		A5E01CA61A2B37F1003ED753 /* AFHTTPRequestOperationManager.m */ = {isa = PBXFileReference; fileEncoding = 4; lastKnownFileType = sourcecode.c.objc; path = AFHTTPRequestOperationManager.m; sourceTree = "<group>"; };
		A5E01CA71A2B37F1003ED753 /* AFHTTPSessionManager.h */ = {isa = PBXFileReference; fileEncoding = 4; lastKnownFileType = sourcecode.c.h; path = AFHTTPSessionManager.h; sourceTree = "<group>"; };
		A5E01CA81A2B37F1003ED753 /* AFHTTPSessionManager.m */ = {isa = PBXFileReference; fileEncoding = 4; lastKnownFileType = sourcecode.c.objc; path = AFHTTPSessionManager.m; sourceTree = "<group>"; };
		A5E01CA91A2B37F1003ED753 /* AFNetworkActivityIndicatorManager.h */ = {isa = PBXFileReference; fileEncoding = 4; lastKnownFileType = sourcecode.c.h; path = AFNetworkActivityIndicatorManager.h; sourceTree = "<group>"; };
		A5E01CAA1A2B37F1003ED753 /* AFNetworkActivityIndicatorManager.m */ = {isa = PBXFileReference; fileEncoding = 4; lastKnownFileType = sourcecode.c.objc; path = AFNetworkActivityIndicatorManager.m; sourceTree = "<group>"; };
		A5E01CAB1A2B37F1003ED753 /* AFNetworking.h */ = {isa = PBXFileReference; fileEncoding = 4; lastKnownFileType = sourcecode.c.h; path = AFNetworking.h; sourceTree = "<group>"; };
		A5E01CAC1A2B37F1003ED753 /* AFNetworkReachabilityManager.h */ = {isa = PBXFileReference; fileEncoding = 4; lastKnownFileType = sourcecode.c.h; path = AFNetworkReachabilityManager.h; sourceTree = "<group>"; };
		A5E01CAD1A2B37F1003ED753 /* AFNetworkReachabilityManager.m */ = {isa = PBXFileReference; fileEncoding = 4; lastKnownFileType = sourcecode.c.objc; path = AFNetworkReachabilityManager.m; sourceTree = "<group>"; };
		A5E01CAE1A2B37F1003ED753 /* AFSecurityPolicy.h */ = {isa = PBXFileReference; fileEncoding = 4; lastKnownFileType = sourcecode.c.h; path = AFSecurityPolicy.h; sourceTree = "<group>"; };
		A5E01CAF1A2B37F1003ED753 /* AFSecurityPolicy.m */ = {isa = PBXFileReference; fileEncoding = 4; lastKnownFileType = sourcecode.c.objc; path = AFSecurityPolicy.m; sourceTree = "<group>"; };
		A5E01CB01A2B37F1003ED753 /* AFURLConnectionOperation.h */ = {isa = PBXFileReference; fileEncoding = 4; lastKnownFileType = sourcecode.c.h; path = AFURLConnectionOperation.h; sourceTree = "<group>"; };
		A5E01CB11A2B37F1003ED753 /* AFURLConnectionOperation.m */ = {isa = PBXFileReference; fileEncoding = 4; lastKnownFileType = sourcecode.c.objc; path = AFURLConnectionOperation.m; sourceTree = "<group>"; };
		A5E01CB21A2B37F1003ED753 /* AFURLRequestSerialization.h */ = {isa = PBXFileReference; fileEncoding = 4; lastKnownFileType = sourcecode.c.h; path = AFURLRequestSerialization.h; sourceTree = "<group>"; };
		A5E01CB31A2B37F1003ED753 /* AFURLRequestSerialization.m */ = {isa = PBXFileReference; fileEncoding = 4; lastKnownFileType = sourcecode.c.objc; path = AFURLRequestSerialization.m; sourceTree = "<group>"; };
		A5E01CB41A2B37F1003ED753 /* AFURLResponseSerialization.h */ = {isa = PBXFileReference; fileEncoding = 4; lastKnownFileType = sourcecode.c.h; path = AFURLResponseSerialization.h; sourceTree = "<group>"; };
		A5E01CB51A2B37F1003ED753 /* AFURLResponseSerialization.m */ = {isa = PBXFileReference; fileEncoding = 4; lastKnownFileType = sourcecode.c.objc; path = AFURLResponseSerialization.m; sourceTree = "<group>"; };
		A5E01CB61A2B37F1003ED753 /* AFURLSessionManager.h */ = {isa = PBXFileReference; fileEncoding = 4; lastKnownFileType = sourcecode.c.h; path = AFURLSessionManager.h; sourceTree = "<group>"; };
		A5E01CB71A2B37F1003ED753 /* AFURLSessionManager.m */ = {isa = PBXFileReference; fileEncoding = 4; lastKnownFileType = sourcecode.c.objc; path = AFURLSessionManager.m; sourceTree = "<group>"; };
		A5E01CB81A2B37F1003ED753 /* UIActivityIndicatorView+AFNetworking.h */ = {isa = PBXFileReference; fileEncoding = 4; lastKnownFileType = sourcecode.c.h; path = "UIActivityIndicatorView+AFNetworking.h"; sourceTree = "<group>"; };
		A5E01CB91A2B37F1003ED753 /* UIActivityIndicatorView+AFNetworking.m */ = {isa = PBXFileReference; fileEncoding = 4; lastKnownFileType = sourcecode.c.objc; path = "UIActivityIndicatorView+AFNetworking.m"; sourceTree = "<group>"; };
		A5E01CBA1A2B37F1003ED753 /* UIAlertView+AFNetworking.h */ = {isa = PBXFileReference; fileEncoding = 4; lastKnownFileType = sourcecode.c.h; path = "UIAlertView+AFNetworking.h"; sourceTree = "<group>"; };
		A5E01CBB1A2B37F1003ED753 /* UIAlertView+AFNetworking.m */ = {isa = PBXFileReference; fileEncoding = 4; lastKnownFileType = sourcecode.c.objc; path = "UIAlertView+AFNetworking.m"; sourceTree = "<group>"; };
		A5E01CBC1A2B37F1003ED753 /* UIButton+AFNetworking.h */ = {isa = PBXFileReference; fileEncoding = 4; lastKnownFileType = sourcecode.c.h; path = "UIButton+AFNetworking.h"; sourceTree = "<group>"; };
		A5E01CBD1A2B37F1003ED753 /* UIButton+AFNetworking.m */ = {isa = PBXFileReference; fileEncoding = 4; lastKnownFileType = sourcecode.c.objc; path = "UIButton+AFNetworking.m"; sourceTree = "<group>"; };
		A5E01CBE1A2B37F1003ED753 /* UIImageView+AFNetworking.h */ = {isa = PBXFileReference; fileEncoding = 4; lastKnownFileType = sourcecode.c.h; path = "UIImageView+AFNetworking.h"; sourceTree = "<group>"; };
		A5E01CBF1A2B37F1003ED753 /* UIImageView+AFNetworking.m */ = {isa = PBXFileReference; fileEncoding = 4; lastKnownFileType = sourcecode.c.objc; path = "UIImageView+AFNetworking.m"; sourceTree = "<group>"; };
		A5E01CC01A2B37F1003ED753 /* UIKit+AFNetworking.h */ = {isa = PBXFileReference; fileEncoding = 4; lastKnownFileType = sourcecode.c.h; path = "UIKit+AFNetworking.h"; sourceTree = "<group>"; };
		A5E01CC11A2B37F1003ED753 /* UIProgressView+AFNetworking.h */ = {isa = PBXFileReference; fileEncoding = 4; lastKnownFileType = sourcecode.c.h; path = "UIProgressView+AFNetworking.h"; sourceTree = "<group>"; };
		A5E01CC21A2B37F1003ED753 /* UIProgressView+AFNetworking.m */ = {isa = PBXFileReference; fileEncoding = 4; lastKnownFileType = sourcecode.c.objc; path = "UIProgressView+AFNetworking.m"; sourceTree = "<group>"; };
		A5E01CC31A2B37F1003ED753 /* UIRefreshControl+AFNetworking.h */ = {isa = PBXFileReference; fileEncoding = 4; lastKnownFileType = sourcecode.c.h; path = "UIRefreshControl+AFNetworking.h"; sourceTree = "<group>"; };
		A5E01CC41A2B37F1003ED753 /* UIRefreshControl+AFNetworking.m */ = {isa = PBXFileReference; fileEncoding = 4; lastKnownFileType = sourcecode.c.objc; path = "UIRefreshControl+AFNetworking.m"; sourceTree = "<group>"; };
		A5E01CC51A2B37F1003ED753 /* UIWebView+AFNetworking.h */ = {isa = PBXFileReference; fileEncoding = 4; lastKnownFileType = sourcecode.c.h; path = "UIWebView+AFNetworking.h"; sourceTree = "<group>"; };
		A5E01CC61A2B37F1003ED753 /* UIWebView+AFNetworking.m */ = {isa = PBXFileReference; fileEncoding = 4; lastKnownFileType = sourcecode.c.objc; path = "UIWebView+AFNetworking.m"; sourceTree = "<group>"; };
		A5E01CDA1A2B3899003ED753 /* interface.xcassets */ = {isa = PBXFileReference; lastKnownFileType = folder.assetcatalog; path = interface.xcassets; sourceTree = "<group>"; };
		A5E01CDC1A2B3C76003ED753 /* fundamentals.xcassets */ = {isa = PBXFileReference; lastKnownFileType = folder.assetcatalog; path = fundamentals.xcassets; sourceTree = "<group>"; };
/* End PBXFileReference section */

/* Begin PBXFrameworksBuildPhase section */
		A5B31C2E1A287F25009734EE /* Frameworks */ = {
			isa = PBXFrameworksBuildPhase;
			buildActionMask = 2147483647;
			files = (
				A564D9D71A476870003C99F3 /* Foundation.framework in Frameworks */,
				A564D9D51A476869003C99F3 /* CoreGraphics.framework in Frameworks */,
				A564D9D31A476860003C99F3 /* GLKit.framework in Frameworks */,
				A564D9D11A47685B003C99F3 /* OpenGLES.framework in Frameworks */,
				02949ED11A298458001EDD2D /* SystemConfiguration.framework in Frameworks */,
				A564D9CF1A476849003C99F3 /* MessageUI.framework in Frameworks */,
				A564D9CD1A476844003C99F3 /* UIKit.framework in Frameworks */,
				A564D9CB1A476838003C99F3 /* QuartzCore.framework in Frameworks */,
				A564D9C91A476821003C99F3 /* AudioToolbox.framework in Frameworks */,
				A564D9C71A476812003C99F3 /* CoreTelephony.framework in Frameworks */,
				A564DA0B1A476ED7003C99F3 /* libUserVoice.a in Frameworks */,
				A564D9C51A476808003C99F3 /* CoreMotion.framework in Frameworks */,
				02C894471A29B89100B87592 /* Security.framework in Frameworks */,
				02949ECD1A298441001EDD2D /* CFNetwork.framework in Frameworks */,
				02949ECB1A29843A001EDD2D /* libc++.dylib in Frameworks */,
				02949EC91A298431001EDD2D /* libicucore.dylib in Frameworks */,
				A5E01C9D1A2B37E3003ED753 /* Firebase.framework in Frameworks */,
				020418441A296CB600134216 /* CoreFoundation.framework in Frameworks */,
				020418421A296CAF00134216 /* AVFoundation.framework in Frameworks */,
				020418401A296C9B00134216 /* CoreMedia.framework in Frameworks */,
				0204183E1A296C9300134216 /* MediaPlayer.framework in Frameworks */,
			);
			runOnlyForDeploymentPostprocessing = 0;
		};
/* End PBXFrameworksBuildPhase section */

/* Begin PBXGroup section */
		020418451A296CC100134216 /* Frameworks */ = {
			isa = PBXGroup;
			children = (
				A564D9D61A476870003C99F3 /* Foundation.framework */,
				A564D9D41A476869003C99F3 /* CoreGraphics.framework */,
				A564D9D21A476860003C99F3 /* GLKit.framework */,
				A564D9D01A47685B003C99F3 /* OpenGLES.framework */,
				A564D9CE1A476849003C99F3 /* MessageUI.framework */,
				A564D9CC1A476844003C99F3 /* UIKit.framework */,
				A564D9CA1A476838003C99F3 /* QuartzCore.framework */,
				A564D9C81A476821003C99F3 /* AudioToolbox.framework */,
				A564D9C61A476812003C99F3 /* CoreTelephony.framework */,
				A564D9C41A476808003C99F3 /* CoreMotion.framework */,
				A5E01C9C1A2B37E3003ED753 /* Firebase.framework */,
				02949ED01A298458001EDD2D /* SystemConfiguration.framework */,
				02949ECE1A298451001EDD2D /* Security.framework */,
				02949ECC1A298441001EDD2D /* CFNetwork.framework */,
				02949ECA1A29843A001EDD2D /* libc++.dylib */,
				02949EC81A298431001EDD2D /* libicucore.dylib */,
				020418431A296CB600134216 /* CoreFoundation.framework */,
				020418411A296CAF00134216 /* AVFoundation.framework */,
				0204183F1A296C9B00134216 /* CoreMedia.framework */,
				0204183D1A296C9300134216 /* MediaPlayer.framework */,
			);
			name = Frameworks;
			path = Moments;
			sourceTree = "<group>";
		};
		02949ED71A2984F8001EDD2D /* API */ = {
			isa = PBXGroup;
			children = (
				0232A0611A2A8ABD00ABF2FB /* MomentsAPIUtilities.h */,
				0232A0621A2A8ABD00ABF2FB /* MomentsAPIUtilities.m */,
				A5E01C9E1A2B37F0003ED753 /* Networking */,
			);
			name = API;
			sourceTree = "<group>";
		};
		02C1E4AD1A30221C00F7EC6E /* DLILCache */ = {
			isa = PBXGroup;
			children = (
				02C1E4AE1A30221C00F7EC6E /* DLILCacheManager.h */,
				02C1E4AF1A30221C00F7EC6E /* DLILCacheManager.m */,
			);
			path = DLILCache;
			sourceTree = "<group>";
		};
		02C1E4B01A30221C00F7EC6E /* DLILOperation */ = {
			isa = PBXGroup;
			children = (
				02C1E4B11A30221C00F7EC6E /* DLILOperation.h */,
				02C1E4B21A30221C00F7EC6E /* DLILOperation.m */,
			);
			path = DLILOperation;
			sourceTree = "<group>";
		};
		A564D9DC1A476ED7003C99F3 /* UserVoiceSDK */ = {
			isa = PBXGroup;
			children = (
				A564D9DD1A476ED7003C99F3 /* libUserVoice.a */,
				A564D9DE1A476ED7003C99F3 /* UVHeaders */,
				A564D9E31A476ED7003C99F3 /* UVResources */,
			);
			name = UserVoiceSDK;
			path = Libraries/UserVoiceSDK;
			sourceTree = "<group>";
		};
		A564D9DE1A476ED7003C99F3 /* UVHeaders */ = {
			isa = PBXGroup;
			children = (
				A564D9DF1A476ED7003C99F3 /* UserVoice.h */,
				A564D9E01A476ED7003C99F3 /* UVConfig.h */,
				A564D9E11A476ED7003C99F3 /* UVDelegate.h */,
				A564D9E21A476ED7003C99F3 /* UVStyleSheet.h */,
			);
			path = UVHeaders;
			sourceTree = "<group>";
		};
		A564D9E31A476ED7003C99F3 /* UVResources */ = {
			isa = PBXGroup;
			children = (
				A564D9E41A476ED7003C99F3 /* UserVoice.strings */,
				A564DA021A476ED7003C99F3 /* uv_article.png */,
				A564DA031A476ED7003C99F3 /* uv_article@2x.png */,
				A564DA041A476ED7003C99F3 /* uv_heart.png */,
				A564DA051A476ED7003C99F3 /* uv_heart@2x.png */,
				A564DA061A476ED7003C99F3 /* uv_idea.png */,
				A564DA071A476ED7003C99F3 /* uv_idea@2x.png */,
			);
			path = UVResources;
			sourceTree = "<group>";
		};
		A59DADB51A2B3D9A00FB6EBB /* Bold */ = {
			isa = PBXGroup;
			children = (
				A5CAD7591A29A0BF0023F948 /* SanFrancisco-Black.otf */,
				A5CAD75A1A29A0BF0023F948 /* SanFranciscoDisplay-Bold.otf */,
				A5CAD75B1A29A0BF0023F948 /* SanFranciscoDisplay-Heavy.otf */,
				A5CAD75F1A29A0BF0023F948 /* SanFranciscoDisplay-Semibold.otf */,
				A5CAD7621A29A0BF0023F948 /* SanFranciscoText-Bold.otf */,
				A5CAD7641A29A0BF0023F948 /* SanFranciscoText-Heavy.otf */,
				A5CAD76C1A29A0BF0023F948 /* SanFranciscoText-Semibold.otf */,
			);
			name = Bold;
			sourceTree = "<group>";
		};
		A59DADB61A2B3DB200FB6EBB /* Medium */ = {
			isa = PBXGroup;
			children = (
				A5CAD75D1A29A0BF0023F948 /* SanFranciscoDisplay-Medium.otf */,
				A5CAD75E1A29A0BF0023F948 /* SanFranciscoDisplay-Regular.otf */,
				A5CAD7681A29A0BF0023F948 /* SanFranciscoText-Medium.otf */,
				A5CAD76A1A29A0BF0023F948 /* SanFranciscoText-Regular.otf */,
			);
			name = Medium;
			sourceTree = "<group>";
		};
		A59DADB71A2B3DC200FB6EBB /* Light */ = {
			isa = PBXGroup;
			children = (
				A5CAD75C1A29A0BF0023F948 /* SanFranciscoDisplay-Light.otf */,
				A5CAD7601A29A0BF0023F948 /* SanFranciscoDisplay-Thin.otf */,
				A5CAD7611A29A0BF0023F948 /* SanFranciscoDisplay-Ultralight.otf */,
				A5CAD7661A29A0BF0023F948 /* SanFranciscoText-Light.otf */,
				A5CAD76E1A29A0BF0023F948 /* SanFranciscoText-Thin.otf */,
			);
			name = Light;
			sourceTree = "<group>";
		};
		A5B31C281A287F25009734EE = {
			isa = PBXGroup;
			children = (
				A5B31C331A287F25009734EE /* Moments */,
				020418451A296CC100134216 /* Frameworks */,
				A5B31C321A287F25009734EE /* Products */,
			);
			sourceTree = "<group>";
		};
		A5B31C321A287F25009734EE /* Products */ = {
			isa = PBXGroup;
			children = (
				A5B31C311A287F25009734EE /* Moments.app */,
			);
			name = Products;
			sourceTree = "<group>";
		};
		A5B31C331A287F25009734EE /* Moments */ = {
			isa = PBXGroup;
			children = (
				A5B31C381A287F25009734EE /* MOAppDelegate.h */,
				A5B31C391A287F25009734EE /* MOAppDelegate.m */,
				204BA45B1A4134BF00C1C05E /* EDSpinningBoxScene.h */,
				204BA45C1A4134BF00C1C05E /* EDSpinningBoxScene.m */,
				20EB172B1A4747A700DA1B16 /* MOSettingsViewController.h */,
				20EB172C1A4747A700DA1B16 /* MOSettingsViewController.m */,
				20D6E7D41A43C7DA00B6DF3F /* EDSegmentedControl.h */,
				20D6E7D51A43C7DA00B6DF3F /* EDSegmentedControl.m */,
				20D6E7DA1A44D5BA00B6DF3F /* EDSegments.h */,
				20D6E7DB1A44D5BA00B6DF3F /* EDSegments.m */,
				A5E01C941A2B34DC003ED753 /* Camera Utilities */,
				A5C5EB851A2A835E002F1591 /* User interface */,
				A5CAD74F1A299B480023F948 /* MOLoginViewController.h */,
				A5CAD7501A299B480023F948 /* MOLoginViewController.m */,
				A5B31C3E1A287F26009734EE /* Main.storyboard */,
				A5E01CDA1A2B3899003ED753 /* interface.xcassets */,
				A5E01CDC1A2B3C76003ED753 /* fundamentals.xcassets */,
				02949ED71A2984F8001EDD2D /* API */,
				A5B31C341A287F25009734EE /* Supporting Files */,
				A5B834471A34EFBE006ECBF8 /* UITableView Subclass */,
			);
			path = Moments;
			sourceTree = "<group>";
		};
		A5B31C341A287F25009734EE /* Supporting Files */ = {
			isa = PBXGroup;
			children = (
				A5B31C431A287F26009734EE /* LaunchScreen.xib */,
				A5E01C951A2B3531003ED753 /* External Libraries */,
				A5B31C351A287F25009734EE /* Info.plist */,
				A5B31C361A287F25009734EE /* main.m */,
				A5CAD7581A29A0BF0023F948 /* Fonts */,
			);
			name = "Supporting Files";
			sourceTree = "<group>";
		};
		A5B834471A34EFBE006ECBF8 /* UITableView Subclass */ = {
			isa = PBXGroup;
			children = (
				A5B834411A34EAC7006ECBF8 /* MOTableViewController.h */,
				A5B834421A34EAC7006ECBF8 /* MOTableViewController.m */,
			);
			name = "UITableView Subclass";
			sourceTree = "<group>";
		};
		A5C29FEF1A33C9F300E605F1 /* PBJVideoPlayer */ = {
			isa = PBXGroup;
			children = (
				A5C29FF01A33C9F300E605F1 /* PBJVideoPlayerController.h */,
				A5C29FF11A33C9F300E605F1 /* PBJVideoPlayerController.m */,
				A5C29FF21A33C9F300E605F1 /* PBJVideoView.h */,
				A5C29FF31A33C9F300E605F1 /* PBJVideoView.m */,
			);
			name = PBJVideoPlayer;
			path = Libraries/PBJVideoPlayer;
			sourceTree = "<group>";
		};
		A5C5EB851A2A835E002F1591 /* User interface */ = {
			isa = PBXGroup;
			children = (
				A5C5EB7F1A2A8358002F1591 /* MOPageViewController.h */,
				A5C5EB801A2A8358002F1591 /* MOPageViewController.m */,
				A5C5EB7D1A2A8358002F1591 /* MOListViewController.h */,
				A5C5EB7E1A2A8358002F1591 /* MOListViewController.m */,
				025679FF1A2B0478002465CF /* MOFollowingViewController.h */,
				02567A001A2B0478002465CF /* MOFollowingViewController.m */,
				02567A0B1A2B1B69002465CF /* MOFollowersViewController.h */,
				02567A0C1A2B1B69002465CF /* MOFollowersViewController.m */,
			);
			name = "User interface";
			sourceTree = "<group>";
		};
		A5CAD7581A29A0BF0023F948 /* Fonts */ = {
			isa = PBXGroup;
			children = (
				A59DADB71A2B3DC200FB6EBB /* Light */,
				A59DADB61A2B3DB200FB6EBB /* Medium */,
				A59DADB51A2B3D9A00FB6EBB /* Bold */,
			);
			name = Fonts;
			path = Assets/Fonts;
			sourceTree = "<group>";
		};
		A5E01C941A2B34DC003ED753 /* Camera Utilities */ = {
			isa = PBXGroup;
			children = (
				A5C5EB791A2A8358002F1591 /* MOCaptureViewController.h */,
				A5C5EB7A1A2A8358002F1591 /* MOCaptureViewController.m */,
				A5E01C281A2AF811003ED753 /* AVCamPreviewView.h */,
				A5E01C291A2AF811003ED753 /* AVCamPreviewView.m */,
			);
			name = "Camera Utilities";
			sourceTree = "<group>";
		};
		A5E01C951A2B3531003ED753 /* External Libraries */ = {
			isa = PBXGroup;
			children = (
				A564D9DC1A476ED7003C99F3 /* UserVoiceSDK */,
				A5C29FEF1A33C9F300E605F1 /* PBJVideoPlayer */,
				A5E01C961A2B37D7003ED753 /* JKSegmentedControl.h */,
				A5E01C971A2B37D7003ED753 /* JKSegmentedControl.m */,
				A5E01C981A2B37D7003ED753 /* SSKeychain.h */,
				A5E01C991A2B37D7003ED753 /* SSKeychain.m */,
			);
			name = "External Libraries";
			sourceTree = "<group>";
		};
		A5E01C9E1A2B37F0003ED753 /* Networking */ = {
			isa = PBXGroup;
			children = (
				029606791A3518A600FFA9AD /* ALAssetsLibrary+CustomPhotoAlbum.h */,
				0296067A1A3518A600FFA9AD /* ALAssetsLibrary+CustomPhotoAlbum.m */,
				A5E01C9F1A2B37F0003ED753 /* AFAmazonS3Manager.h */,
				A5E01CA01A2B37F0003ED753 /* AFAmazonS3Manager.m */,
				02C1E4AC1A30221C00F7EC6E /* DLIL.h */,
				02C1E4AD1A30221C00F7EC6E /* DLILCache */,
				02C1E4B01A30221C00F7EC6E /* DLILOperation */,
				02C1E4B31A30221C00F7EC6E /* DLImageLoader.h */,
				02C1E4B41A30221C00F7EC6E /* DLImageLoader.m */,
				02C1E4B51A30221C00F7EC6E /* DLImageView.h */,
				02C1E4B61A30221C00F7EC6E /* DLImageView.m */,
				A5E01CA11A2B37F0003ED753 /* AFAmazonS3RequestSerializer.h */,
				A5E01CA21A2B37F0003ED753 /* AFAmazonS3RequestSerializer.m */,
				02C1E4A11A2E9AAE00F7EC6E /* JCDHTTPConnection.h */,
				02C1E4A21A2E9AAE00F7EC6E /* JCDHTTPConnection.m */,
				A5E01CA31A2B37F0003ED753 /* AFHTTPRequestOperation.h */,
				A5E01CA41A2B37F0003ED753 /* AFHTTPRequestOperation.m */,
				A5E01CA51A2B37F1003ED753 /* AFHTTPRequestOperationManager.h */,
				A5E01CA61A2B37F1003ED753 /* AFHTTPRequestOperationManager.m */,
				A5E01CA71A2B37F1003ED753 /* AFHTTPSessionManager.h */,
				A5E01CA81A2B37F1003ED753 /* AFHTTPSessionManager.m */,
				A5E01CA91A2B37F1003ED753 /* AFNetworkActivityIndicatorManager.h */,
				A5E01CAA1A2B37F1003ED753 /* AFNetworkActivityIndicatorManager.m */,
				A5E01CAB1A2B37F1003ED753 /* AFNetworking.h */,
				A5E01CAC1A2B37F1003ED753 /* AFNetworkReachabilityManager.h */,
				A5E01CAD1A2B37F1003ED753 /* AFNetworkReachabilityManager.m */,
				A5E01CAE1A2B37F1003ED753 /* AFSecurityPolicy.h */,
				A5E01CAF1A2B37F1003ED753 /* AFSecurityPolicy.m */,
				A5E01CB01A2B37F1003ED753 /* AFURLConnectionOperation.h */,
				A5E01CB11A2B37F1003ED753 /* AFURLConnectionOperation.m */,
				A5E01CB21A2B37F1003ED753 /* AFURLRequestSerialization.h */,
				A5E01CB31A2B37F1003ED753 /* AFURLRequestSerialization.m */,
				A5E01CB41A2B37F1003ED753 /* AFURLResponseSerialization.h */,
				A5E01CB51A2B37F1003ED753 /* AFURLResponseSerialization.m */,
				A5E01CB61A2B37F1003ED753 /* AFURLSessionManager.h */,
				A5E01CB71A2B37F1003ED753 /* AFURLSessionManager.m */,
				A5E01CB81A2B37F1003ED753 /* UIActivityIndicatorView+AFNetworking.h */,
				A5E01CB91A2B37F1003ED753 /* UIActivityIndicatorView+AFNetworking.m */,
				A5E01CBA1A2B37F1003ED753 /* UIAlertView+AFNetworking.h */,
				A5E01CBB1A2B37F1003ED753 /* UIAlertView+AFNetworking.m */,
				A5E01CBC1A2B37F1003ED753 /* UIButton+AFNetworking.h */,
				A5E01CBD1A2B37F1003ED753 /* UIButton+AFNetworking.m */,
				A5E01CBE1A2B37F1003ED753 /* UIImageView+AFNetworking.h */,
				A5E01CBF1A2B37F1003ED753 /* UIImageView+AFNetworking.m */,
				A5E01CC01A2B37F1003ED753 /* UIKit+AFNetworking.h */,
				A5E01CC11A2B37F1003ED753 /* UIProgressView+AFNetworking.h */,
				A5E01CC21A2B37F1003ED753 /* UIProgressView+AFNetworking.m */,
				A5E01CC31A2B37F1003ED753 /* UIRefreshControl+AFNetworking.h */,
				A5E01CC41A2B37F1003ED753 /* UIRefreshControl+AFNetworking.m */,
				A5E01CC51A2B37F1003ED753 /* UIWebView+AFNetworking.h */,
				A5E01CC61A2B37F1003ED753 /* UIWebView+AFNetworking.m */,
			);
			name = Networking;
			path = Libraries/AFNetworking;
			sourceTree = "<group>";
		};
/* End PBXGroup section */

/* Begin PBXNativeTarget section */
		A5B31C301A287F25009734EE /* Moments */ = {
			isa = PBXNativeTarget;
			buildConfigurationList = A5B31C541A287F26009734EE /* Build configuration list for PBXNativeTarget "Moments" */;
			buildPhases = (
				A5B31C2D1A287F25009734EE /* Sources */,
				A5B31C2E1A287F25009734EE /* Frameworks */,
				A5B31C2F1A287F25009734EE /* Resources */,
			);
			buildRules = (
			);
			dependencies = (
			);
			name = Moments;
			productName = Moments;
			productReference = A5B31C311A287F25009734EE /* Moments.app */;
			productType = "com.apple.product-type.application";
		};
/* End PBXNativeTarget section */

/* Begin PBXProject section */
		A5B31C291A287F25009734EE /* Project object */ = {
			isa = PBXProject;
			attributes = {
				LastUpgradeCheck = 0610;
				ORGANIZATIONNAME = Cosmic;
				TargetAttributes = {
					A5B31C301A287F25009734EE = {
						CreatedOnToolsVersion = 6.1.1;
					};
				};
			};
			buildConfigurationList = A5B31C2C1A287F25009734EE /* Build configuration list for PBXProject "Moments" */;
			compatibilityVersion = "Xcode 3.2";
			developmentRegion = English;
			hasScannedForEncodings = 0;
			knownRegions = (
				en,
				Base,
				ca,
				cs,
				da,
				de,
				el,
				"en-GB",
				es,
				fi,
				fr,
				hr,
				hu,
				id,
				it,
				ja,
				ko,
				ms,
				nb,
				nl,
				pl,
				"pt-PT",
				pt,
				ro,
				ru,
				sk,
				sv,
				th,
				tr,
				uk,
				vi,
				"zh-Hans",
				"zh-Hant",
			);
			mainGroup = A5B31C281A287F25009734EE;
			productRefGroup = A5B31C321A287F25009734EE /* Products */;
			projectDirPath = "";
			projectRoot = "";
			targets = (
				A5B31C301A287F25009734EE /* Moments */,
			);
		};
/* End PBXProject section */

/* Begin PBXResourcesBuildPhase section */
		A5B31C2F1A287F25009734EE /* Resources */ = {
			isa = PBXResourcesBuildPhase;
			buildActionMask = 2147483647;
			files = (
				A5CAD7861A29A0BF0023F948 /* SanFranciscoDisplay-Thin.otf in Resources */,
				A5E01CDB1A2B3899003ED753 /* interface.xcassets in Resources */,
				A5CAD78A1A29A0BF0023F948 /* SanFranciscoText-Heavy.otf in Resources */,
				A564DA0E1A476ED7003C99F3 /* uv_article@2x.png in Resources */,
				A564DA0C1A476ED7003C99F3 /* UserVoice.strings in Resources */,
				A5CAD7811A29A0BF0023F948 /* SanFranciscoDisplay-Heavy.otf in Resources */,
				A5B31C401A287F26009734EE /* Main.storyboard in Resources */,
				A564DA121A476ED7003C99F3 /* uv_idea@2x.png in Resources */,
				A5CAD77F1A29A0BF0023F948 /* SanFrancisco-Black.otf in Resources */,
				A5CAD78E1A29A0BF0023F948 /* SanFranciscoText-Medium.otf in Resources */,
				A564DA0D1A476ED7003C99F3 /* uv_article.png in Resources */,
				A5CAD7921A29A0BF0023F948 /* SanFranciscoText-Semibold.otf in Resources */,
				A5E01CDD1A2B3C76003ED753 /* fundamentals.xcassets in Resources */,
				A5CAD7801A29A0BF0023F948 /* SanFranciscoDisplay-Bold.otf in Resources */,
				A5CAD78C1A29A0BF0023F948 /* SanFranciscoText-Light.otf in Resources */,
				A5CAD7941A29A0BF0023F948 /* SanFranciscoText-Thin.otf in Resources */,
				A5CAD7831A29A0BF0023F948 /* SanFranciscoDisplay-Medium.otf in Resources */,
				A5CAD7901A29A0BF0023F948 /* SanFranciscoText-Regular.otf in Resources */,
				A564DA111A476ED7003C99F3 /* uv_idea.png in Resources */,
				A564DA101A476ED7003C99F3 /* uv_heart@2x.png in Resources */,
				A5B31C451A287F26009734EE /* LaunchScreen.xib in Resources */,
				A5CAD7851A29A0BF0023F948 /* SanFranciscoDisplay-Semibold.otf in Resources */,
				A5CAD7821A29A0BF0023F948 /* SanFranciscoDisplay-Light.otf in Resources */,
				A5CAD7881A29A0BF0023F948 /* SanFranciscoText-Bold.otf in Resources */,
				A564DA0F1A476ED7003C99F3 /* uv_heart.png in Resources */,
				A5CAD7841A29A0BF0023F948 /* SanFranciscoDisplay-Regular.otf in Resources */,
				A5CAD7871A29A0BF0023F948 /* SanFranciscoDisplay-Ultralight.otf in Resources */,
			);
			runOnlyForDeploymentPostprocessing = 0;
		};
/* End PBXResourcesBuildPhase section */

/* Begin PBXSourcesBuildPhase section */
		A5B31C2D1A287F25009734EE /* Sources */ = {
			isa = PBXSourcesBuildPhase;
			buildActionMask = 2147483647;
			files = (
				A5E01CC81A2B37F1003ED753 /* AFAmazonS3RequestSerializer.m in Sources */,
				A5E01CD31A2B37F1003ED753 /* UIActivityIndicatorView+AFNetworking.m in Sources */,
				A5B834431A34EAC7006ECBF8 /* MOTableViewController.m in Sources */,
				A5E01CD81A2B37F1003ED753 /* UIRefreshControl+AFNetworking.m in Sources */,
				A5C29FF51A33C9F300E605F1 /* PBJVideoView.m in Sources */,
				A5E01CD51A2B37F1003ED753 /* UIButton+AFNetworking.m in Sources */,
				02C1E4B71A30221C00F7EC6E /* DLILCacheManager.m in Sources */,
				A5E01CD41A2B37F1003ED753 /* UIAlertView+AFNetworking.m in Sources */,
				A5E01C9A1A2B37D7003ED753 /* JKSegmentedControl.m in Sources */,
				02567A011A2B0478002465CF /* MOFollowingViewController.m in Sources */,
				204BA45D1A4134BF00C1C05E /* EDSpinningBoxScene.m in Sources */,
				A5E01CC71A2B37F1003ED753 /* AFAmazonS3Manager.m in Sources */,
				20EB172D1A4747A700DA1B16 /* MOSettingsViewController.m in Sources */,
				A5C5EB811A2A8358002F1591 /* MOCaptureViewController.m in Sources */,
				A5E01CCD1A2B37F1003ED753 /* AFNetworkReachabilityManager.m in Sources */,
				02C1E4B81A30221C00F7EC6E /* DLILOperation.m in Sources */,
				A5C5EB831A2A8358002F1591 /* MOListViewController.m in Sources */,
				02C1E4B91A30221C00F7EC6E /* DLImageLoader.m in Sources */,
				A5E01CD01A2B37F1003ED753 /* AFURLRequestSerialization.m in Sources */,
				A5E01CD71A2B37F1003ED753 /* UIProgressView+AFNetworking.m in Sources */,
				A5C29FF41A33C9F300E605F1 /* PBJVideoPlayerController.m in Sources */,
				02C1E4BA1A30221C00F7EC6E /* DLImageView.m in Sources */,
				A5E01CCF1A2B37F1003ED753 /* AFURLConnectionOperation.m in Sources */,
				20D6E7DC1A44D5BA00B6DF3F /* EDSegments.m in Sources */,
				A5E01CD21A2B37F1003ED753 /* AFURLSessionManager.m in Sources */,
				A5E01CCA1A2B37F1003ED753 /* AFHTTPRequestOperationManager.m in Sources */,
				A5E01C9B1A2B37D7003ED753 /* SSKeychain.m in Sources */,
				A5E01CCC1A2B37F1003ED753 /* AFNetworkActivityIndicatorManager.m in Sources */,
				20D6E7D61A43C7DA00B6DF3F /* EDSegmentedControl.m in Sources */,
				0232A0631A2A8ABD00ABF2FB /* MomentsAPIUtilities.m in Sources */,
				A5C5EB841A2A8358002F1591 /* MOPageViewController.m in Sources */,
				A5B31C3A1A287F25009734EE /* MOAppDelegate.m in Sources */,
				A5E01CD61A2B37F1003ED753 /* UIImageView+AFNetworking.m in Sources */,
				A5E01C2A1A2AF811003ED753 /* AVCamPreviewView.m in Sources */,
				02C1E4A31A2E9AAE00F7EC6E /* JCDHTTPConnection.m in Sources */,
				A5CAD7511A299B480023F948 /* MOLoginViewController.m in Sources */,
				A5E01CC91A2B37F1003ED753 /* AFHTTPRequestOperation.m in Sources */,
				A5E01CCE1A2B37F1003ED753 /* AFSecurityPolicy.m in Sources */,
				A5B31C371A287F25009734EE /* main.m in Sources */,
				A5E01CCB1A2B37F1003ED753 /* AFHTTPSessionManager.m in Sources */,
				A5E01CD91A2B37F1003ED753 /* UIWebView+AFNetworking.m in Sources */,
				02567A0D1A2B1B69002465CF /* MOFollowersViewController.m in Sources */,
				0296067B1A3518A600FFA9AD /* ALAssetsLibrary+CustomPhotoAlbum.m in Sources */,
				A5E01CD11A2B37F1003ED753 /* AFURLResponseSerialization.m in Sources */,
			);
			runOnlyForDeploymentPostprocessing = 0;
		};
/* End PBXSourcesBuildPhase section */

/* Begin PBXVariantGroup section */
		A564D9E41A476ED7003C99F3 /* UserVoice.strings */ = {
			isa = PBXVariantGroup;
			children = (
				A564D9E51A476ED7003C99F3 /* ca */,
				A564D9E61A476ED7003C99F3 /* cs */,
				A564D9E71A476ED7003C99F3 /* da */,
				A564D9E81A476ED7003C99F3 /* de */,
				A564D9E91A476ED7003C99F3 /* el */,
				A564D9EA1A476ED7003C99F3 /* en-GB */,
				A564D9EB1A476ED7003C99F3 /* en */,
				A564D9EC1A476ED7003C99F3 /* es */,
				A564D9ED1A476ED7003C99F3 /* fi */,
				A564D9EE1A476ED7003C99F3 /* fr */,
				A564D9EF1A476ED7003C99F3 /* hr */,
				A564D9F01A476ED7003C99F3 /* hu */,
				A564D9F11A476ED7003C99F3 /* id */,
				A564D9F21A476ED7003C99F3 /* it */,
				A564D9F31A476ED7003C99F3 /* ja */,
				A564D9F41A476ED7003C99F3 /* ko */,
				A564D9F51A476ED7003C99F3 /* ms */,
				A564D9F61A476ED7003C99F3 /* nb */,
				A564D9F71A476ED7003C99F3 /* nl */,
				A564D9F81A476ED7003C99F3 /* pl */,
				A564D9F91A476ED7003C99F3 /* pt-PT */,
				A564D9FA1A476ED7003C99F3 /* pt */,
				A564D9FB1A476ED7003C99F3 /* ro */,
				A564D9FC1A476ED7003C99F3 /* ru */,
				A564D9FD1A476ED7003C99F3 /* sk */,
				A564D9FE1A476ED7003C99F3 /* sv */,
				A564D9FF1A476ED7003C99F3 /* th */,
				A564DA001A476ED7003C99F3 /* tr */,
				A564DA011A476ED7003C99F3 /* uk */,
				A564DA081A476ED7003C99F3 /* vi */,
				A564DA091A476ED7003C99F3 /* zh-Hans */,
				A564DA0A1A476ED7003C99F3 /* zh-Hant */,
			);
			name = UserVoice.strings;
			sourceTree = "<group>";
		};
		A5B31C3E1A287F26009734EE /* Main.storyboard */ = {
			isa = PBXVariantGroup;
			children = (
				A5B31C3F1A287F26009734EE /* Base */,
			);
			name = Main.storyboard;
			sourceTree = "<group>";
		};
		A5B31C431A287F26009734EE /* LaunchScreen.xib */ = {
			isa = PBXVariantGroup;
			children = (
				A5B31C441A287F26009734EE /* Base */,
			);
			name = LaunchScreen.xib;
			sourceTree = "<group>";
		};
/* End PBXVariantGroup section */

/* Begin XCBuildConfiguration section */
		A5B31C521A287F26009734EE /* Debug */ = {
			isa = XCBuildConfiguration;
			buildSettings = {
				ALWAYS_SEARCH_USER_PATHS = NO;
				CLANG_CXX_LANGUAGE_STANDARD = "gnu++0x";
				CLANG_CXX_LIBRARY = "libc++";
				CLANG_ENABLE_MODULES = YES;
				CLANG_ENABLE_OBJC_ARC = YES;
				CLANG_WARN_BOOL_CONVERSION = YES;
				CLANG_WARN_CONSTANT_CONVERSION = YES;
				CLANG_WARN_DIRECT_OBJC_ISA_USAGE = YES_ERROR;
				CLANG_WARN_EMPTY_BODY = YES;
				CLANG_WARN_ENUM_CONVERSION = YES;
				CLANG_WARN_INT_CONVERSION = YES;
				CLANG_WARN_OBJC_ROOT_CLASS = YES_ERROR;
				CLANG_WARN_UNREACHABLE_CODE = YES;
				CLANG_WARN__DUPLICATE_METHOD_MATCH = YES;
				"CODE_SIGN_IDENTITY[sdk=iphoneos*]" = "iPhone Developer";
				COPY_PHASE_STRIP = NO;
				ENABLE_STRICT_OBJC_MSGSEND = YES;
				GCC_C_LANGUAGE_STANDARD = gnu99;
				GCC_DYNAMIC_NO_PIC = NO;
				GCC_OPTIMIZATION_LEVEL = 0;
				GCC_PREPROCESSOR_DEFINITIONS = (
					"DEBUG=1",
					"$(inherited)",
				);
				GCC_SYMBOLS_PRIVATE_EXTERN = NO;
				GCC_WARN_64_TO_32_BIT_CONVERSION = YES;
				GCC_WARN_ABOUT_RETURN_TYPE = YES_ERROR;
				GCC_WARN_UNDECLARED_SELECTOR = YES;
				GCC_WARN_UNINITIALIZED_AUTOS = YES_AGGRESSIVE;
				GCC_WARN_UNUSED_FUNCTION = YES;
				GCC_WARN_UNUSED_VARIABLE = YES;
				IPHONEOS_DEPLOYMENT_TARGET = 8.1;
				MTL_ENABLE_DEBUG_INFO = YES;
				ONLY_ACTIVE_ARCH = YES;
				SDKROOT = iphoneos;
				TARGETED_DEVICE_FAMILY = "1,2";
			};
			name = Debug;
		};
		A5B31C531A287F26009734EE /* Release */ = {
			isa = XCBuildConfiguration;
			buildSettings = {
				ALWAYS_SEARCH_USER_PATHS = NO;
				CLANG_CXX_LANGUAGE_STANDARD = "gnu++0x";
				CLANG_CXX_LIBRARY = "libc++";
				CLANG_ENABLE_MODULES = YES;
				CLANG_ENABLE_OBJC_ARC = YES;
				CLANG_WARN_BOOL_CONVERSION = YES;
				CLANG_WARN_CONSTANT_CONVERSION = YES;
				CLANG_WARN_DIRECT_OBJC_ISA_USAGE = YES_ERROR;
				CLANG_WARN_EMPTY_BODY = YES;
				CLANG_WARN_ENUM_CONVERSION = YES;
				CLANG_WARN_INT_CONVERSION = YES;
				CLANG_WARN_OBJC_ROOT_CLASS = YES_ERROR;
				CLANG_WARN_UNREACHABLE_CODE = YES;
				CLANG_WARN__DUPLICATE_METHOD_MATCH = YES;
				"CODE_SIGN_IDENTITY[sdk=iphoneos*]" = "iPhone Developer";
				COPY_PHASE_STRIP = YES;
				ENABLE_NS_ASSERTIONS = NO;
				ENABLE_STRICT_OBJC_MSGSEND = YES;
				GCC_C_LANGUAGE_STANDARD = gnu99;
				GCC_WARN_64_TO_32_BIT_CONVERSION = YES;
				GCC_WARN_ABOUT_RETURN_TYPE = YES_ERROR;
				GCC_WARN_UNDECLARED_SELECTOR = YES;
				GCC_WARN_UNINITIALIZED_AUTOS = YES_AGGRESSIVE;
				GCC_WARN_UNUSED_FUNCTION = YES;
				GCC_WARN_UNUSED_VARIABLE = YES;
				IPHONEOS_DEPLOYMENT_TARGET = 8.1;
				MTL_ENABLE_DEBUG_INFO = NO;
				SDKROOT = iphoneos;
				TARGETED_DEVICE_FAMILY = "1,2";
				VALIDATE_PRODUCT = YES;
			};
			name = Release;
		};
		A5B31C551A287F26009734EE /* Debug */ = {
			isa = XCBuildConfiguration;
			buildSettings = {
				ASSETCATALOG_COMPILER_APPICON_NAME = AppIcon;
				ASSETCATALOG_COMPILER_LAUNCHIMAGE_NAME = LaunchImage;
				FRAMEWORK_SEARCH_PATHS = (
					"$(inherited)",
					"$(PROJECT_DIR)/Moments",
					"$(PROJECT_DIR)/Moments/Libraries",
				);
				INFOPLIST_FILE = Moments/Info.plist;
				IPHONEOS_DEPLOYMENT_TARGET = 8.1;
				LD_RUNPATH_SEARCH_PATHS = "$(inherited) @executable_path/Frameworks";
				LIBRARY_SEARCH_PATHS = (
					"$(inherited)",
					"$(PROJECT_DIR)/Moments/Libraries/UserVoiceSDK",
				);
				OTHER_LDFLAGS = (
					"-ObjC\n-ObjC\n-ObjC",
				);
				PRODUCT_NAME = "$(TARGET_NAME)";
			};
			name = Debug;
		};
		A5B31C561A287F26009734EE /* Release */ = {
			isa = XCBuildConfiguration;
			buildSettings = {
				ASSETCATALOG_COMPILER_APPICON_NAME = AppIcon;
				ASSETCATALOG_COMPILER_LAUNCHIMAGE_NAME = LaunchImage;
				FRAMEWORK_SEARCH_PATHS = (
					"$(inherited)",
					"$(PROJECT_DIR)/Moments",
					"$(PROJECT_DIR)/Moments/Libraries",
				);
				INFOPLIST_FILE = Moments/Info.plist;
				IPHONEOS_DEPLOYMENT_TARGET = 8.1;
				LD_RUNPATH_SEARCH_PATHS = "$(inherited) @executable_path/Frameworks";
				LIBRARY_SEARCH_PATHS = (
					"$(inherited)",
					"$(PROJECT_DIR)/Moments/Libraries/UserVoiceSDK",
				);
				OTHER_LDFLAGS = (
					"-ObjC\n-ObjC\n-ObjC",
				);
				PRODUCT_NAME = "$(TARGET_NAME)";
			};
			name = Release;
		};
/* End XCBuildConfiguration section */

/* Begin XCConfigurationList section */
		A5B31C2C1A287F25009734EE /* Build configuration list for PBXProject "Moments" */ = {
			isa = XCConfigurationList;
			buildConfigurations = (
				A5B31C521A287F26009734EE /* Debug */,
				A5B31C531A287F26009734EE /* Release */,
			);
			defaultConfigurationIsVisible = 0;
			defaultConfigurationName = Release;
		};
		A5B31C541A287F26009734EE /* Build configuration list for PBXNativeTarget "Moments" */ = {
			isa = XCConfigurationList;
			buildConfigurations = (
				A5B31C551A287F26009734EE /* Debug */,
				A5B31C561A287F26009734EE /* Release */,
			);
			defaultConfigurationIsVisible = 0;
			defaultConfigurationName = Release;
		};
/* End XCConfigurationList section */
	};
	rootObject = A5B31C291A287F25009734EE /* Project object */;
}
